
Microsoft Visual Studio Solution File, Format Version 12.00
# Visual Studio Version 17
VisualStudioVersion = 17.4.33122.133
MinimumVisualStudioVersion = 10.0.40219.1
Project("{FAE04EC0-301F-11D3-BF4B-00C04F79EFBC}") = "WpfAppReference", "WpfAppReference\WpfAppReference.csproj", "{3EF0EFE1-2996-4D3A-B31D-23135C820F3F}"
EndProject
Global
	GlobalSection(SolutionConfigurationPlatforms) = preSolution
		Debug|Any CPU = Debug|Any CPU
		Release|Any CPU = Release|Any CPU
	EndGlobalSection
	GlobalSection(ProjectConfigurationPlatforms) = postSolution
		{3EF0EFE1-2996-4D3A-B31D-23135C820F3F}.Debug|Any CPU.ActiveCfg = Debug|Any CPU
		{3EF0EFE1-2996-4D3A-B31D-23135C820F3F}.Debug|Any CPU.Build.0 = Debug|Any CPU
		{3EF0EFE1-2996-4D3A-B31D-23135C820F3F}.Release|Any CPU.ActiveCfg = Release|Any CPU
		{3EF0EFE1-2996-4D3A-B31D-23135C820F3F}.Release|Any CPU.Build.0 = Release|Any CPU
	EndGlobalSection
	GlobalSection(SolutionProperties) = preSolution
		HideSolutionNode = FALSE
	EndGlobalSection
	GlobalSection(ExtensibilityGlobals) = postSolution
		SolutionGuid = {79296BFB-5111-469B-B60E-CFFDE5F166E1}
	EndGlobalSection
EndGlobal
