Microsoft Visual Studio Solution File, Format Version 12.00
# Visual Studio Version 16
VisualStudioVersion = 16.0.29920.165
MinimumVisualStudioVersion = 15.0.26124.0
Project("{D954291E-2A0B-460D-934E-DC6B0785DB48}") = "ApplicationTemplate.Shared", "ApplicationTemplate.Shared\ApplicationTemplate.Shared.shproj", "{6279C845-92F8-4333-AB99-3D213163593C}"
EndProject
Project("{FAE04EC0-301F-11D3-BF4B-00C04F79EFBC}") = "ApplicationTemplate.Droid", "ApplicationTemplate.Droid\ApplicationTemplate.Droid.csproj", "{2F467E36-EB42-4F67-BD9D-280D0D223257}"
EndProject
Project("{FAE04EC0-301F-11D3-BF4B-00C04F79EFBC}") = "ApplicationTemplate.iOS", "ApplicationTemplate.iOS\ApplicationTemplate.iOS.csproj", "{E2399068-2D5B-4DCF-96AE-6E4615569511}"
EndProject
Project("{9A19103F-16F7-4668-BE54-9A1E7A4F7556}") = "ApplicationTemplate.Wasm", "ApplicationTemplate.Wasm\ApplicationTemplate.Wasm.csproj", "{40EA03F7-8A22-4143-B251-79BAC3EB13D2}"
EndProject
Project("{FAE04EC0-301F-11D3-BF4B-00C04F79EFBC}") = "ApplicationTemplate.macOS", "ApplicationTemplate.macOS\ApplicationTemplate.macOS.csproj", "{C86FB799-8E66-44E9-8F30-99ED7B801299}"
EndProject
Project("{9A19103F-16F7-4668-BE54-9A1E7A4F7556}") = "ApplicationTemplate.Skia.Gtk", "ApplicationTemplate.Skia.Gtk\ApplicationTemplate.Skia.Gtk.csproj", "{A5B8155A-118F-4794-B551-C6F3CF7E5411}"
EndProject
Project("{9A19103F-16F7-4668-BE54-9A1E7A4F7556}") = "ApplicationTemplate.Skia.WPF", "ApplicationTemplate.Skia.WPF\ApplicationTemplate.Skia.WPF.csproj", "{0539D31E-0009-4611-87BC-455BBC58E952}"
EndProject
Project("{9A19103F-16F7-4668-BE54-9A1E7A4F7556}") = "ApplicationTemplate.Skia.Wpf.Host", "ApplicationTemplate.Skia.WPF.Host\ApplicationTemplate.Skia.Wpf.Host.csproj", "{6CF284A4-22B1-4F05-97F4-F095C07A598E}"
EndProject
Project("{9A19103F-16F7-4668-BE54-9A1E7A4F7556}") = "ApplicationTemplate.Windows.Desktop", "ApplicationTemplate.Windows.Desktop\ApplicationTemplate.Windows.Desktop.csproj", "{1AA13270-F438-4864-9435-54FD806E10EA}"
EndProject
Project("{C7167F0D-BC9F-4E6E-AFE1-012C56B48DB5}") = "ApplicationTemplate.Windows.Package", "ApplicationTemplate.Windows.Package\ApplicationTemplate.Windows.Package.wapproj", "{ACDFD5A4-52CC-4A36-BB0A-7C56578DF6C8}"
EndProject
Project("{FAE04EC0-301F-11D3-BF4B-00C04F79EFBC}") = "ApplicationTemplate.UWP", "ApplicationTemplate.UWP\ApplicationTemplate.UWP.csproj", "{E6C91D48-E1E1-49B2-B0B6-94925AEF9212}"
EndProject
Project("{2150E333-8FDC-42A3-9474-1A3956D46DE8}") = "Extensions", "Extensions", "{6035DB7C-59AB-4DE9-BC8A-AA04C1D994C3}"
EndProject
Project("{9A19103F-16F7-4668-BE54-9A1E7A4F7556}") = "Uno.Extensions.Hosting", "..\extensions\Uno.Extensions.Hosting\Uno.Extensions.Hosting.csproj", "{57DD1E2F-1860-4E8E-93B0-2483948185A9}"
EndProject
Project("{9A19103F-16F7-4668-BE54-9A1E7A4F7556}") = "Uno.Extensions.Configuration", "..\extensions\Uno.Extensions.Configuration\Uno.Extensions.Configuration.csproj", "{4A689CA8-1BE3-4D93-8B1A-86A5ADC55952}"
EndProject
Project("{9A19103F-16F7-4668-BE54-9A1E7A4F7556}") = "Uno.Extensions.Navigation", "..\extensions\Uno.Extensions.Navigation\Uno.Extensions.Navigation.csproj", "{AF8FD2BD-827D-4324-9F2F-22E44F702448}"
EndProject
Project("{2150E333-8FDC-42A3-9474-1A3956D46DE8}") = "Solution Items", "Solution Items", "{BE7D7945-13FA-46B0-8C85-494528E46C8F}"
	ProjectSection(SolutionItems) = preProject
		applicationtemplate.targets = applicationtemplate.targets
		..\extensions\Directory.Build.props = ..\extensions\Directory.Build.props
		uno.winui.targets = uno.winui.targets
	EndProjectSection
EndProject
Project("{9A19103F-16F7-4668-BE54-9A1E7A4F7556}") = "Uno.Extensions.Logging", "..\extensions\Uno.Extensions.Logging\Uno.Extensions.Logging.csproj", "{BA965E09-F957-44F7-9D4F-28DB2876218A}"
EndProject
Project("{9A19103F-16F7-4668-BE54-9A1E7A4F7556}") = "Uno.Extensions.Logging.Serilog", "..\extensions\Uno.Extensions.Logging.Serilog\Uno.Extensions.Logging.Serilog.csproj", "{47D29062-A37D-4972-9B90-68A6C3BA0FEA}"
EndProject
Global
	GlobalSection(SharedMSBuildProjectFiles) = preSolution
		ApplicationTemplate.Shared\ApplicationTemplate.Shared.projitems*{2f467e36-eb42-4f67-bd9d-280d0d223257}*SharedItemsImports = 4
		ApplicationTemplate.Shared\ApplicationTemplate.Shared.projitems*{6279c845-92f8-4333-ab99-3d213163593c}*SharedItemsImports = 13
	EndGlobalSection
	GlobalSection(SolutionConfigurationPlatforms) = preSolution
		Debug|Any CPU = Debug|Any CPU
		Debug|ARM = Debug|ARM
		Debug|ARM64 = Debug|ARM64
		Debug|iPhone = Debug|iPhone
		Debug|iPhoneSimulator = Debug|iPhoneSimulator
		Debug|x64 = Debug|x64
		Debug|x86 = Debug|x86
		Release|Any CPU = Release|Any CPU
		Release|ARM = Release|ARM
		Release|ARM64 = Release|ARM64
		Release|iPhone = Release|iPhone
		Release|iPhoneSimulator = Release|iPhoneSimulator
		Release|x64 = Release|x64
		Release|x86 = Release|x86
	EndGlobalSection
	GlobalSection(ProjectConfigurationPlatforms) = postSolution
		{2F467E36-EB42-4F67-BD9D-280D0D223257}.Debug|Any CPU.ActiveCfg = Debug|Any CPU
		{2F467E36-EB42-4F67-BD9D-280D0D223257}.Debug|Any CPU.Build.0 = Debug|Any CPU
		{2F467E36-EB42-4F67-BD9D-280D0D223257}.Debug|Any CPU.Deploy.0 = Debug|Any CPU
		{2F467E36-EB42-4F67-BD9D-280D0D223257}.Debug|ARM.ActiveCfg = Debug|Any CPU
		{2F467E36-EB42-4F67-BD9D-280D0D223257}.Debug|ARM.Build.0 = Debug|Any CPU
		{2F467E36-EB42-4F67-BD9D-280D0D223257}.Debug|ARM.Deploy.0 = Debug|Any CPU
		{2F467E36-EB42-4F67-BD9D-280D0D223257}.Debug|ARM64.ActiveCfg = Debug|Any CPU
		{2F467E36-EB42-4F67-BD9D-280D0D223257}.Debug|ARM64.Build.0 = Debug|Any CPU
		{2F467E36-EB42-4F67-BD9D-280D0D223257}.Debug|ARM64.Deploy.0 = Debug|Any CPU
		{2F467E36-EB42-4F67-BD9D-280D0D223257}.Debug|iPhone.ActiveCfg = Debug|Any CPU
		{2F467E36-EB42-4F67-BD9D-280D0D223257}.Debug|iPhoneSimulator.ActiveCfg = Debug|Any CPU
		{2F467E36-EB42-4F67-BD9D-280D0D223257}.Debug|iPhoneSimulator.Build.0 = Debug|Any CPU
		{2F467E36-EB42-4F67-BD9D-280D0D223257}.Debug|iPhoneSimulator.Deploy.0 = Debug|Any CPU
		{2F467E36-EB42-4F67-BD9D-280D0D223257}.Debug|x64.ActiveCfg = Debug|Any CPU
		{2F467E36-EB42-4F67-BD9D-280D0D223257}.Debug|x64.Build.0 = Debug|Any CPU
		{2F467E36-EB42-4F67-BD9D-280D0D223257}.Debug|x64.Deploy.0 = Debug|Any CPU
		{2F467E36-EB42-4F67-BD9D-280D0D223257}.Debug|x86.ActiveCfg = Debug|Any CPU
		{2F467E36-EB42-4F67-BD9D-280D0D223257}.Debug|x86.Build.0 = Debug|Any CPU
		{2F467E36-EB42-4F67-BD9D-280D0D223257}.Debug|x86.Deploy.0 = Debug|Any CPU
		{2F467E36-EB42-4F67-BD9D-280D0D223257}.Release|Any CPU.ActiveCfg = Release|Any CPU
		{2F467E36-EB42-4F67-BD9D-280D0D223257}.Release|Any CPU.Build.0 = Release|Any CPU
		{2F467E36-EB42-4F67-BD9D-280D0D223257}.Release|Any CPU.Deploy.0 = Release|Any CPU
		{2F467E36-EB42-4F67-BD9D-280D0D223257}.Release|ARM.ActiveCfg = Release|Any CPU
		{2F467E36-EB42-4F67-BD9D-280D0D223257}.Release|ARM.Build.0 = Release|Any CPU
		{2F467E36-EB42-4F67-BD9D-280D0D223257}.Release|ARM.Deploy.0 = Release|Any CPU
		{2F467E36-EB42-4F67-BD9D-280D0D223257}.Release|ARM64.ActiveCfg = Release|Any CPU
		{2F467E36-EB42-4F67-BD9D-280D0D223257}.Release|ARM64.Build.0 = Release|Any CPU
		{2F467E36-EB42-4F67-BD9D-280D0D223257}.Release|ARM64.Deploy.0 = Release|Any CPU
		{2F467E36-EB42-4F67-BD9D-280D0D223257}.Release|iPhone.ActiveCfg = Release|Any CPU
		{2F467E36-EB42-4F67-BD9D-280D0D223257}.Release|iPhone.Build.0 = Release|Any CPU
		{2F467E36-EB42-4F67-BD9D-280D0D223257}.Release|iPhone.Deploy.0 = Release|Any CPU
		{2F467E36-EB42-4F67-BD9D-280D0D223257}.Release|iPhoneSimulator.ActiveCfg = Release|Any CPU
		{2F467E36-EB42-4F67-BD9D-280D0D223257}.Release|iPhoneSimulator.Build.0 = Release|Any CPU
		{2F467E36-EB42-4F67-BD9D-280D0D223257}.Release|iPhoneSimulator.Deploy.0 = Release|Any CPU
		{2F467E36-EB42-4F67-BD9D-280D0D223257}.Release|x64.ActiveCfg = Release|Any CPU
		{2F467E36-EB42-4F67-BD9D-280D0D223257}.Release|x64.Build.0 = Release|Any CPU
		{2F467E36-EB42-4F67-BD9D-280D0D223257}.Release|x64.Deploy.0 = Release|Any CPU
		{2F467E36-EB42-4F67-BD9D-280D0D223257}.Release|x86.ActiveCfg = Release|Any CPU
		{2F467E36-EB42-4F67-BD9D-280D0D223257}.Release|x86.Build.0 = Release|Any CPU
		{2F467E36-EB42-4F67-BD9D-280D0D223257}.Release|x86.Deploy.0 = Release|Any CPU
		{E2399068-2D5B-4DCF-96AE-6E4615569511}.Debug|Any CPU.ActiveCfg = Debug|iPhone
		{E2399068-2D5B-4DCF-96AE-6E4615569511}.Debug|Any CPU.Build.0 = Debug|iPhone
		{E2399068-2D5B-4DCF-96AE-6E4615569511}.Debug|Any CPU.Deploy.0 = Debug|iPhone
		{E2399068-2D5B-4DCF-96AE-6E4615569511}.Debug|ARM.ActiveCfg = Debug|iPhone
		{E2399068-2D5B-4DCF-96AE-6E4615569511}.Debug|ARM64.ActiveCfg = Debug|iPhone
		{E2399068-2D5B-4DCF-96AE-6E4615569511}.Debug|iPhone.ActiveCfg = Debug|iPhone
		{E2399068-2D5B-4DCF-96AE-6E4615569511}.Debug|iPhone.Build.0 = Debug|iPhone
		{E2399068-2D5B-4DCF-96AE-6E4615569511}.Debug|iPhone.Deploy.0 = Debug|iPhone
		{E2399068-2D5B-4DCF-96AE-6E4615569511}.Debug|iPhoneSimulator.ActiveCfg = Debug|iPhoneSimulator
		{E2399068-2D5B-4DCF-96AE-6E4615569511}.Debug|iPhoneSimulator.Build.0 = Debug|iPhoneSimulator
		{E2399068-2D5B-4DCF-96AE-6E4615569511}.Debug|x64.ActiveCfg = Debug|iPhone
		{E2399068-2D5B-4DCF-96AE-6E4615569511}.Debug|x64.Build.0 = Debug|iPhone
		{E2399068-2D5B-4DCF-96AE-6E4615569511}.Debug|x64.Deploy.0 = Debug|iPhone
		{E2399068-2D5B-4DCF-96AE-6E4615569511}.Debug|x86.ActiveCfg = Debug|iPhoneSimulator
		{E2399068-2D5B-4DCF-96AE-6E4615569511}.Debug|x86.Build.0 = Debug|iPhoneSimulator
		{E2399068-2D5B-4DCF-96AE-6E4615569511}.Debug|x86.Deploy.0 = Debug|iPhoneSimulator
		{E2399068-2D5B-4DCF-96AE-6E4615569511}.Release|Any CPU.ActiveCfg = Release|iPhone
		{E2399068-2D5B-4DCF-96AE-6E4615569511}.Release|ARM.ActiveCfg = Release|iPhone
		{E2399068-2D5B-4DCF-96AE-6E4615569511}.Release|ARM64.ActiveCfg = Release|iPhone
		{E2399068-2D5B-4DCF-96AE-6E4615569511}.Release|iPhone.ActiveCfg = Release|iPhone
		{E2399068-2D5B-4DCF-96AE-6E4615569511}.Release|iPhone.Build.0 = Release|iPhone
		{E2399068-2D5B-4DCF-96AE-6E4615569511}.Release|iPhoneSimulator.ActiveCfg = Release|iPhoneSimulator
		{E2399068-2D5B-4DCF-96AE-6E4615569511}.Release|iPhoneSimulator.Build.0 = Release|iPhoneSimulator
		{E2399068-2D5B-4DCF-96AE-6E4615569511}.Release|x64.ActiveCfg = Release|iPhoneSimulator
		{E2399068-2D5B-4DCF-96AE-6E4615569511}.Release|x64.Build.0 = Release|iPhoneSimulator
		{E2399068-2D5B-4DCF-96AE-6E4615569511}.Release|x64.Deploy.0 = Release|iPhoneSimulator
		{E2399068-2D5B-4DCF-96AE-6E4615569511}.Release|x86.ActiveCfg = Release|iPhoneSimulator
		{E2399068-2D5B-4DCF-96AE-6E4615569511}.Release|x86.Build.0 = Release|iPhoneSimulator
		{40EA03F7-8A22-4143-B251-79BAC3EB13D2}.Debug|Any CPU.ActiveCfg = Debug|Any CPU
		{40EA03F7-8A22-4143-B251-79BAC3EB13D2}.Debug|Any CPU.Build.0 = Debug|Any CPU
		{40EA03F7-8A22-4143-B251-79BAC3EB13D2}.Debug|ARM.ActiveCfg = Debug|Any CPU
		{40EA03F7-8A22-4143-B251-79BAC3EB13D2}.Debug|ARM.Build.0 = Debug|Any CPU
		{40EA03F7-8A22-4143-B251-79BAC3EB13D2}.Debug|ARM64.ActiveCfg = Debug|Any CPU
		{40EA03F7-8A22-4143-B251-79BAC3EB13D2}.Debug|ARM64.Build.0 = Debug|Any CPU
		{40EA03F7-8A22-4143-B251-79BAC3EB13D2}.Debug|iPhone.ActiveCfg = Debug|Any CPU
		{40EA03F7-8A22-4143-B251-79BAC3EB13D2}.Debug|iPhoneSimulator.ActiveCfg = Debug|Any CPU
		{40EA03F7-8A22-4143-B251-79BAC3EB13D2}.Debug|iPhoneSimulator.Build.0 = Debug|Any CPU
		{40EA03F7-8A22-4143-B251-79BAC3EB13D2}.Debug|x64.ActiveCfg = Debug|Any CPU
		{40EA03F7-8A22-4143-B251-79BAC3EB13D2}.Debug|x64.Build.0 = Debug|Any CPU
		{40EA03F7-8A22-4143-B251-79BAC3EB13D2}.Debug|x86.ActiveCfg = Debug|Any CPU
		{40EA03F7-8A22-4143-B251-79BAC3EB13D2}.Debug|x86.Build.0 = Debug|Any CPU
		{40EA03F7-8A22-4143-B251-79BAC3EB13D2}.Release|Any CPU.ActiveCfg = Release|Any CPU
		{40EA03F7-8A22-4143-B251-79BAC3EB13D2}.Release|Any CPU.Build.0 = Release|Any CPU
		{40EA03F7-8A22-4143-B251-79BAC3EB13D2}.Release|ARM.ActiveCfg = Release|Any CPU
		{40EA03F7-8A22-4143-B251-79BAC3EB13D2}.Release|ARM.Build.0 = Release|Any CPU
		{40EA03F7-8A22-4143-B251-79BAC3EB13D2}.Release|ARM64.ActiveCfg = Release|Any CPU
		{40EA03F7-8A22-4143-B251-79BAC3EB13D2}.Release|ARM64.Build.0 = Release|Any CPU
		{40EA03F7-8A22-4143-B251-79BAC3EB13D2}.Release|iPhone.ActiveCfg = Release|Any CPU
		{40EA03F7-8A22-4143-B251-79BAC3EB13D2}.Release|iPhone.Build.0 = Release|Any CPU
		{40EA03F7-8A22-4143-B251-79BAC3EB13D2}.Release|iPhoneSimulator.ActiveCfg = Release|Any CPU
		{40EA03F7-8A22-4143-B251-79BAC3EB13D2}.Release|iPhoneSimulator.Build.0 = Release|Any CPU
		{40EA03F7-8A22-4143-B251-79BAC3EB13D2}.Release|x64.ActiveCfg = Release|Any CPU
		{40EA03F7-8A22-4143-B251-79BAC3EB13D2}.Release|x64.Build.0 = Release|Any CPU
		{40EA03F7-8A22-4143-B251-79BAC3EB13D2}.Release|x86.ActiveCfg = Release|Any CPU
		{40EA03F7-8A22-4143-B251-79BAC3EB13D2}.Release|x86.Build.0 = Release|Any CPU
		{C86FB799-8E66-44E9-8F30-99ED7B801299}.Debug|Any CPU.ActiveCfg = Debug|iPhoneSimulator
		{C86FB799-8E66-44E9-8F30-99ED7B801299}.Debug|Any CPU.Build.0 = Debug|iPhoneSimulator
		{C86FB799-8E66-44E9-8F30-99ED7B801299}.Debug|ARM.ActiveCfg = Debug|iPhoneSimulator
		{C86FB799-8E66-44E9-8F30-99ED7B801299}.Debug|ARM64.ActiveCfg = Debug|iPhoneSimulator
		{C86FB799-8E66-44E9-8F30-99ED7B801299}.Debug|iPhone.ActiveCfg = Debug|iPhoneSimulator
		{C86FB799-8E66-44E9-8F30-99ED7B801299}.Debug|iPhone.Build.0 = Debug|iPhoneSimulator
		{C86FB799-8E66-44E9-8F30-99ED7B801299}.Debug|iPhoneSimulator.ActiveCfg = Debug|iPhoneSimulator
		{C86FB799-8E66-44E9-8F30-99ED7B801299}.Debug|iPhoneSimulator.Build.0 = Debug|iPhoneSimulator
		{C86FB799-8E66-44E9-8F30-99ED7B801299}.Debug|x64.ActiveCfg = Debug|iPhoneSimulator
		{C86FB799-8E66-44E9-8F30-99ED7B801299}.Debug|x64.Build.0 = Debug|iPhoneSimulator
		{C86FB799-8E66-44E9-8F30-99ED7B801299}.Debug|x86.ActiveCfg = Debug|iPhoneSimulator
		{C86FB799-8E66-44E9-8F30-99ED7B801299}.Debug|x86.Build.0 = Debug|iPhoneSimulator
		{C86FB799-8E66-44E9-8F30-99ED7B801299}.Release|Any CPU.ActiveCfg = Release|iPhoneSimulator
		{C86FB799-8E66-44E9-8F30-99ED7B801299}.Release|ARM.ActiveCfg = Release|iPhoneSimulator
		{C86FB799-8E66-44E9-8F30-99ED7B801299}.Release|ARM64.ActiveCfg = Release|iPhoneSimulator
		{C86FB799-8E66-44E9-8F30-99ED7B801299}.Release|iPhone.ActiveCfg = Release|iPhoneSimulator
		{C86FB799-8E66-44E9-8F30-99ED7B801299}.Release|iPhone.Build.0 = Release|iPhoneSimulator
		{C86FB799-8E66-44E9-8F30-99ED7B801299}.Release|iPhoneSimulator.ActiveCfg = Release|iPhoneSimulator
		{C86FB799-8E66-44E9-8F30-99ED7B801299}.Release|iPhoneSimulator.Build.0 = Release|iPhoneSimulator
		{C86FB799-8E66-44E9-8F30-99ED7B801299}.Release|x64.ActiveCfg = Release|iPhoneSimulator
		{C86FB799-8E66-44E9-8F30-99ED7B801299}.Release|x64.Build.0 = Release|iPhoneSimulator
		{C86FB799-8E66-44E9-8F30-99ED7B801299}.Release|x86.ActiveCfg = Release|iPhoneSimulator
		{C86FB799-8E66-44E9-8F30-99ED7B801299}.Release|x86.Build.0 = Release|iPhoneSimulator
		{A5B8155A-118F-4794-B551-C6F3CF7E5411}.Debug|Any CPU.ActiveCfg = Debug|Any CPU
		{A5B8155A-118F-4794-B551-C6F3CF7E5411}.Debug|Any CPU.Build.0 = Debug|Any CPU
		{A5B8155A-118F-4794-B551-C6F3CF7E5411}.Debug|ARM.ActiveCfg = Debug|Any CPU
		{A5B8155A-118F-4794-B551-C6F3CF7E5411}.Debug|ARM.Build.0 = Debug|Any CPU
		{A5B8155A-118F-4794-B551-C6F3CF7E5411}.Debug|ARM64.ActiveCfg = Debug|Any CPU
		{A5B8155A-118F-4794-B551-C6F3CF7E5411}.Debug|ARM64.Build.0 = Debug|Any CPU
		{A5B8155A-118F-4794-B551-C6F3CF7E5411}.Debug|iPhone.ActiveCfg = Debug|Any CPU
		{A5B8155A-118F-4794-B551-C6F3CF7E5411}.Debug|iPhoneSimulator.ActiveCfg = Debug|Any CPU
		{A5B8155A-118F-4794-B551-C6F3CF7E5411}.Debug|iPhoneSimulator.Build.0 = Debug|Any CPU
		{A5B8155A-118F-4794-B551-C6F3CF7E5411}.Debug|x64.ActiveCfg = Debug|Any CPU
		{A5B8155A-118F-4794-B551-C6F3CF7E5411}.Debug|x64.Build.0 = Debug|Any CPU
		{A5B8155A-118F-4794-B551-C6F3CF7E5411}.Debug|x86.ActiveCfg = Debug|Any CPU
		{A5B8155A-118F-4794-B551-C6F3CF7E5411}.Debug|x86.Build.0 = Debug|Any CPU
		{A5B8155A-118F-4794-B551-C6F3CF7E5411}.Release|Any CPU.ActiveCfg = Release|Any CPU
		{A5B8155A-118F-4794-B551-C6F3CF7E5411}.Release|Any CPU.Build.0 = Release|Any CPU
		{A5B8155A-118F-4794-B551-C6F3CF7E5411}.Release|ARM.ActiveCfg = Release|Any CPU
		{A5B8155A-118F-4794-B551-C6F3CF7E5411}.Release|ARM.Build.0 = Release|Any CPU
		{A5B8155A-118F-4794-B551-C6F3CF7E5411}.Release|ARM64.ActiveCfg = Release|Any CPU
		{A5B8155A-118F-4794-B551-C6F3CF7E5411}.Release|ARM64.Build.0 = Release|Any CPU
		{A5B8155A-118F-4794-B551-C6F3CF7E5411}.Release|iPhone.ActiveCfg = Release|Any CPU
		{A5B8155A-118F-4794-B551-C6F3CF7E5411}.Release|iPhone.Build.0 = Release|Any CPU
		{A5B8155A-118F-4794-B551-C6F3CF7E5411}.Release|iPhoneSimulator.ActiveCfg = Release|Any CPU
		{A5B8155A-118F-4794-B551-C6F3CF7E5411}.Release|iPhoneSimulator.Build.0 = Release|Any CPU
		{A5B8155A-118F-4794-B551-C6F3CF7E5411}.Release|x64.ActiveCfg = Release|Any CPU
		{A5B8155A-118F-4794-B551-C6F3CF7E5411}.Release|x64.Build.0 = Release|Any CPU
		{A5B8155A-118F-4794-B551-C6F3CF7E5411}.Release|x86.ActiveCfg = Release|Any CPU
		{A5B8155A-118F-4794-B551-C6F3CF7E5411}.Release|x86.Build.0 = Release|Any CPU
		{0539D31E-0009-4611-87BC-455BBC58E952}.Debug|Any CPU.ActiveCfg = Debug|Any CPU
		{0539D31E-0009-4611-87BC-455BBC58E952}.Debug|Any CPU.Build.0 = Debug|Any CPU
		{0539D31E-0009-4611-87BC-455BBC58E952}.Debug|Any CPU.Deploy.0 = Debug|Any CPU
		{0539D31E-0009-4611-87BC-455BBC58E952}.Debug|ARM.ActiveCfg = Debug|Any CPU
		{0539D31E-0009-4611-87BC-455BBC58E952}.Debug|ARM.Build.0 = Debug|Any CPU
		{0539D31E-0009-4611-87BC-455BBC58E952}.Debug|ARM.Deploy.0 = Debug|Any CPU
		{0539D31E-0009-4611-87BC-455BBC58E952}.Debug|ARM64.ActiveCfg = Debug|Any CPU
		{0539D31E-0009-4611-87BC-455BBC58E952}.Debug|ARM64.Build.0 = Debug|Any CPU
		{0539D31E-0009-4611-87BC-455BBC58E952}.Debug|ARM64.Deploy.0 = Debug|Any CPU
		{0539D31E-0009-4611-87BC-455BBC58E952}.Debug|iPhone.ActiveCfg = Debug|Any CPU
		{0539D31E-0009-4611-87BC-455BBC58E952}.Debug|iPhone.Deploy.0 = Debug|Any CPU
		{0539D31E-0009-4611-87BC-455BBC58E952}.Debug|iPhoneSimulator.ActiveCfg = Debug|Any CPU
		{0539D31E-0009-4611-87BC-455BBC58E952}.Debug|iPhoneSimulator.Build.0 = Debug|Any CPU
		{0539D31E-0009-4611-87BC-455BBC58E952}.Debug|iPhoneSimulator.Deploy.0 = Debug|Any CPU
		{0539D31E-0009-4611-87BC-455BBC58E952}.Debug|x64.ActiveCfg = Debug|Any CPU
		{0539D31E-0009-4611-87BC-455BBC58E952}.Debug|x64.Build.0 = Debug|Any CPU
		{0539D31E-0009-4611-87BC-455BBC58E952}.Debug|x64.Deploy.0 = Debug|Any CPU
		{0539D31E-0009-4611-87BC-455BBC58E952}.Debug|x86.ActiveCfg = Debug|Any CPU
		{0539D31E-0009-4611-87BC-455BBC58E952}.Debug|x86.Build.0 = Debug|Any CPU
		{0539D31E-0009-4611-87BC-455BBC58E952}.Debug|x86.Deploy.0 = Debug|Any CPU
		{0539D31E-0009-4611-87BC-455BBC58E952}.Release|Any CPU.ActiveCfg = Release|Any CPU
		{0539D31E-0009-4611-87BC-455BBC58E952}.Release|Any CPU.Build.0 = Release|Any CPU
		{0539D31E-0009-4611-87BC-455BBC58E952}.Release|ARM.ActiveCfg = Release|Any CPU
		{0539D31E-0009-4611-87BC-455BBC58E952}.Release|ARM.Build.0 = Release|Any CPU
		{0539D31E-0009-4611-87BC-455BBC58E952}.Release|ARM.Deploy.0 = Release|Any CPU
		{0539D31E-0009-4611-87BC-455BBC58E952}.Release|ARM64.ActiveCfg = Release|Any CPU
		{0539D31E-0009-4611-87BC-455BBC58E952}.Release|ARM64.Build.0 = Release|Any CPU
		{0539D31E-0009-4611-87BC-455BBC58E952}.Release|ARM64.Deploy.0 = Release|Any CPU
		{0539D31E-0009-4611-87BC-455BBC58E952}.Release|iPhone.ActiveCfg = Release|Any CPU
		{0539D31E-0009-4611-87BC-455BBC58E952}.Release|iPhone.Build.0 = Release|Any CPU
		{0539D31E-0009-4611-87BC-455BBC58E952}.Release|iPhoneSimulator.ActiveCfg = Release|Any CPU
		{0539D31E-0009-4611-87BC-455BBC58E952}.Release|iPhoneSimulator.Build.0 = Release|Any CPU
		{0539D31E-0009-4611-87BC-455BBC58E952}.Release|iPhoneSimulator.Deploy.0 = Release|Any CPU
		{0539D31E-0009-4611-87BC-455BBC58E952}.Release|x64.ActiveCfg = Release|Any CPU
		{0539D31E-0009-4611-87BC-455BBC58E952}.Release|x64.Build.0 = Release|Any CPU
		{0539D31E-0009-4611-87BC-455BBC58E952}.Release|x64.Deploy.0 = Release|Any CPU
		{0539D31E-0009-4611-87BC-455BBC58E952}.Release|x86.ActiveCfg = Release|Any CPU
		{0539D31E-0009-4611-87BC-455BBC58E952}.Release|x86.Build.0 = Release|Any CPU
		{0539D31E-0009-4611-87BC-455BBC58E952}.Release|x86.Deploy.0 = Release|Any CPU
		{6CF284A4-22B1-4F05-97F4-F095C07A598E}.Debug|Any CPU.ActiveCfg = Debug|x86
		{6CF284A4-22B1-4F05-97F4-F095C07A598E}.Debug|Any CPU.Build.0 = Debug|x86
		{6CF284A4-22B1-4F05-97F4-F095C07A598E}.Debug|ARM.ActiveCfg = Debug|Any CPU
		{6CF284A4-22B1-4F05-97F4-F095C07A598E}.Debug|ARM.Build.0 = Debug|Any CPU
		{6CF284A4-22B1-4F05-97F4-F095C07A598E}.Debug|ARM64.ActiveCfg = Debug|Any CPU
		{6CF284A4-22B1-4F05-97F4-F095C07A598E}.Debug|ARM64.Build.0 = Debug|Any CPU
		{6CF284A4-22B1-4F05-97F4-F095C07A598E}.Debug|iPhone.ActiveCfg = Debug|Any CPU
		{6CF284A4-22B1-4F05-97F4-F095C07A598E}.Debug|iPhoneSimulator.ActiveCfg = Debug|Any CPU
		{6CF284A4-22B1-4F05-97F4-F095C07A598E}.Debug|iPhoneSimulator.Build.0 = Debug|Any CPU
		{6CF284A4-22B1-4F05-97F4-F095C07A598E}.Debug|x64.ActiveCfg = Debug|Any CPU
		{6CF284A4-22B1-4F05-97F4-F095C07A598E}.Debug|x64.Build.0 = Debug|Any CPU
		{6CF284A4-22B1-4F05-97F4-F095C07A598E}.Debug|x86.ActiveCfg = Debug|Any CPU
		{6CF284A4-22B1-4F05-97F4-F095C07A598E}.Debug|x86.Build.0 = Debug|Any CPU
		{6CF284A4-22B1-4F05-97F4-F095C07A598E}.Release|Any CPU.ActiveCfg = Release|Any CPU
		{6CF284A4-22B1-4F05-97F4-F095C07A598E}.Release|Any CPU.Build.0 = Release|Any CPU
		{6CF284A4-22B1-4F05-97F4-F095C07A598E}.Release|ARM.ActiveCfg = Release|Any CPU
		{6CF284A4-22B1-4F05-97F4-F095C07A598E}.Release|ARM.Build.0 = Release|Any CPU
		{6CF284A4-22B1-4F05-97F4-F095C07A598E}.Release|ARM64.ActiveCfg = Release|Any CPU
		{6CF284A4-22B1-4F05-97F4-F095C07A598E}.Release|ARM64.Build.0 = Release|Any CPU
		{6CF284A4-22B1-4F05-97F4-F095C07A598E}.Release|iPhone.ActiveCfg = Release|Any CPU
		{6CF284A4-22B1-4F05-97F4-F095C07A598E}.Release|iPhone.Build.0 = Release|Any CPU
		{6CF284A4-22B1-4F05-97F4-F095C07A598E}.Release|iPhoneSimulator.ActiveCfg = Release|Any CPU
		{6CF284A4-22B1-4F05-97F4-F095C07A598E}.Release|iPhoneSimulator.Build.0 = Release|Any CPU
		{6CF284A4-22B1-4F05-97F4-F095C07A598E}.Release|x64.ActiveCfg = Release|Any CPU
		{6CF284A4-22B1-4F05-97F4-F095C07A598E}.Release|x64.Build.0 = Release|Any CPU
		{6CF284A4-22B1-4F05-97F4-F095C07A598E}.Release|x86.ActiveCfg = Release|Any CPU
		{6CF284A4-22B1-4F05-97F4-F095C07A598E}.Release|x86.Build.0 = Release|Any CPU
		{1AA13270-F438-4864-9435-54FD806E10EA}.Debug|Any CPU.ActiveCfg = Debug|x86
		{1AA13270-F438-4864-9435-54FD806E10EA}.Debug|Any CPU.Build.0 = Debug|x86
		{1AA13270-F438-4864-9435-54FD806E10EA}.Debug|ARM.ActiveCfg = Debug|Any CPU
		{1AA13270-F438-4864-9435-54FD806E10EA}.Debug|ARM.Build.0 = Debug|Any CPU
		{1AA13270-F438-4864-9435-54FD806E10EA}.Debug|ARM64.ActiveCfg = Debug|x86
		{1AA13270-F438-4864-9435-54FD806E10EA}.Debug|ARM64.Build.0 = Debug|x86
		{1AA13270-F438-4864-9435-54FD806E10EA}.Debug|iPhone.ActiveCfg = Debug|x86
		{1AA13270-F438-4864-9435-54FD806E10EA}.Debug|iPhoneSimulator.ActiveCfg = Debug|Any CPU
		{1AA13270-F438-4864-9435-54FD806E10EA}.Debug|iPhoneSimulator.Build.0 = Debug|Any CPU
		{1AA13270-F438-4864-9435-54FD806E10EA}.Debug|x64.ActiveCfg = Debug|x86
		{1AA13270-F438-4864-9435-54FD806E10EA}.Debug|x64.Build.0 = Debug|x86
		{1AA13270-F438-4864-9435-54FD806E10EA}.Debug|x86.ActiveCfg = Debug|x86
		{1AA13270-F438-4864-9435-54FD806E10EA}.Debug|x86.Build.0 = Debug|x86
		{1AA13270-F438-4864-9435-54FD806E10EA}.Release|Any CPU.ActiveCfg = Release|Any CPU
		{1AA13270-F438-4864-9435-54FD806E10EA}.Release|Any CPU.Build.0 = Release|Any CPU
		{1AA13270-F438-4864-9435-54FD806E10EA}.Release|ARM.ActiveCfg = Release|Any CPU
		{1AA13270-F438-4864-9435-54FD806E10EA}.Release|ARM.Build.0 = Release|Any CPU
		{1AA13270-F438-4864-9435-54FD806E10EA}.Release|ARM64.ActiveCfg = Release|x86
		{1AA13270-F438-4864-9435-54FD806E10EA}.Release|ARM64.Build.0 = Release|x86
		{1AA13270-F438-4864-9435-54FD806E10EA}.Release|iPhone.ActiveCfg = Release|Any CPU
		{1AA13270-F438-4864-9435-54FD806E10EA}.Release|iPhone.Build.0 = Release|Any CPU
		{1AA13270-F438-4864-9435-54FD806E10EA}.Release|iPhoneSimulator.ActiveCfg = Release|Any CPU
		{1AA13270-F438-4864-9435-54FD806E10EA}.Release|iPhoneSimulator.Build.0 = Release|Any CPU
		{1AA13270-F438-4864-9435-54FD806E10EA}.Release|x64.ActiveCfg = Release|x86
		{1AA13270-F438-4864-9435-54FD806E10EA}.Release|x64.Build.0 = Release|x86
		{1AA13270-F438-4864-9435-54FD806E10EA}.Release|x86.ActiveCfg = Release|x86
		{1AA13270-F438-4864-9435-54FD806E10EA}.Release|x86.Build.0 = Release|x86
		{ACDFD5A4-52CC-4A36-BB0A-7C56578DF6C8}.Debug|Any CPU.ActiveCfg = Debug|x86
		{ACDFD5A4-52CC-4A36-BB0A-7C56578DF6C8}.Debug|Any CPU.Build.0 = Debug|x86
		{ACDFD5A4-52CC-4A36-BB0A-7C56578DF6C8}.Debug|Any CPU.Deploy.0 = Debug|x86
		{ACDFD5A4-52CC-4A36-BB0A-7C56578DF6C8}.Debug|ARM.ActiveCfg = Debug|x86
		{ACDFD5A4-52CC-4A36-BB0A-7C56578DF6C8}.Debug|ARM64.ActiveCfg = Debug|arm64
		{ACDFD5A4-52CC-4A36-BB0A-7C56578DF6C8}.Debug|ARM64.Build.0 = Debug|arm64
		{ACDFD5A4-52CC-4A36-BB0A-7C56578DF6C8}.Debug|ARM64.Deploy.0 = Debug|arm64
		{ACDFD5A4-52CC-4A36-BB0A-7C56578DF6C8}.Debug|iPhone.ActiveCfg = Debug|x86
		{ACDFD5A4-52CC-4A36-BB0A-7C56578DF6C8}.Debug|iPhoneSimulator.ActiveCfg = Debug|x86
		{ACDFD5A4-52CC-4A36-BB0A-7C56578DF6C8}.Debug|x64.ActiveCfg = Debug|x64
		{ACDFD5A4-52CC-4A36-BB0A-7C56578DF6C8}.Debug|x64.Build.0 = Debug|x64
		{ACDFD5A4-52CC-4A36-BB0A-7C56578DF6C8}.Debug|x64.Deploy.0 = Debug|x64
		{ACDFD5A4-52CC-4A36-BB0A-7C56578DF6C8}.Debug|x86.ActiveCfg = Debug|x86
		{ACDFD5A4-52CC-4A36-BB0A-7C56578DF6C8}.Debug|x86.Build.0 = Debug|x86
		{ACDFD5A4-52CC-4A36-BB0A-7C56578DF6C8}.Debug|x86.Deploy.0 = Debug|x86
		{ACDFD5A4-52CC-4A36-BB0A-7C56578DF6C8}.Release|Any CPU.ActiveCfg = Release|x86
		{ACDFD5A4-52CC-4A36-BB0A-7C56578DF6C8}.Release|ARM.ActiveCfg = Release|x86
		{ACDFD5A4-52CC-4A36-BB0A-7C56578DF6C8}.Release|ARM64.ActiveCfg = Release|arm64
		{ACDFD5A4-52CC-4A36-BB0A-7C56578DF6C8}.Release|ARM64.Build.0 = Release|arm64
		{ACDFD5A4-52CC-4A36-BB0A-7C56578DF6C8}.Release|ARM64.Deploy.0 = Release|arm64
		{ACDFD5A4-52CC-4A36-BB0A-7C56578DF6C8}.Release|iPhone.ActiveCfg = Release|x86
		{ACDFD5A4-52CC-4A36-BB0A-7C56578DF6C8}.Release|iPhoneSimulator.ActiveCfg = Release|x86
		{ACDFD5A4-52CC-4A36-BB0A-7C56578DF6C8}.Release|x64.ActiveCfg = Release|x64
		{ACDFD5A4-52CC-4A36-BB0A-7C56578DF6C8}.Release|x64.Build.0 = Release|x64
		{ACDFD5A4-52CC-4A36-BB0A-7C56578DF6C8}.Release|x64.Deploy.0 = Release|x64
		{ACDFD5A4-52CC-4A36-BB0A-7C56578DF6C8}.Release|x86.ActiveCfg = Release|x86
		{ACDFD5A4-52CC-4A36-BB0A-7C56578DF6C8}.Release|x86.Build.0 = Release|x86
		{ACDFD5A4-52CC-4A36-BB0A-7C56578DF6C8}.Release|x86.Deploy.0 = Release|x86
		{E6C91D48-E1E1-49B2-B0B6-94925AEF9212}.Debug|Any CPU.ActiveCfg = Debug|x86
		{E6C91D48-E1E1-49B2-B0B6-94925AEF9212}.Debug|Any CPU.Build.0 = Debug|x86
		{E6C91D48-E1E1-49B2-B0B6-94925AEF9212}.Debug|Any CPU.Deploy.0 = Debug|x86
		{E6C91D48-E1E1-49B2-B0B6-94925AEF9212}.Debug|ARM.ActiveCfg = Debug|ARM
		{E6C91D48-E1E1-49B2-B0B6-94925AEF9212}.Debug|ARM.Build.0 = Debug|ARM
		{E6C91D48-E1E1-49B2-B0B6-94925AEF9212}.Debug|ARM.Deploy.0 = Debug|ARM
		{E6C91D48-E1E1-49B2-B0B6-94925AEF9212}.Debug|ARM64.ActiveCfg = Debug|ARM64
		{E6C91D48-E1E1-49B2-B0B6-94925AEF9212}.Debug|ARM64.Build.0 = Debug|ARM64
		{E6C91D48-E1E1-49B2-B0B6-94925AEF9212}.Debug|ARM64.Deploy.0 = Debug|ARM64
		{E6C91D48-E1E1-49B2-B0B6-94925AEF9212}.Debug|iPhone.ActiveCfg = Debug|x86
		{E6C91D48-E1E1-49B2-B0B6-94925AEF9212}.Debug|iPhoneSimulator.ActiveCfg = Debug|x86
		{E6C91D48-E1E1-49B2-B0B6-94925AEF9212}.Debug|x64.ActiveCfg = Debug|x64
		{E6C91D48-E1E1-49B2-B0B6-94925AEF9212}.Debug|x64.Build.0 = Debug|x64
		{E6C91D48-E1E1-49B2-B0B6-94925AEF9212}.Debug|x64.Deploy.0 = Debug|x64
		{E6C91D48-E1E1-49B2-B0B6-94925AEF9212}.Debug|x86.ActiveCfg = Debug|x86
		{E6C91D48-E1E1-49B2-B0B6-94925AEF9212}.Debug|x86.Build.0 = Debug|x86
		{E6C91D48-E1E1-49B2-B0B6-94925AEF9212}.Debug|x86.Deploy.0 = Debug|x86
		{E6C91D48-E1E1-49B2-B0B6-94925AEF9212}.Release|Any CPU.ActiveCfg = Release|x86
		{E6C91D48-E1E1-49B2-B0B6-94925AEF9212}.Release|ARM.ActiveCfg = Release|ARM
		{E6C91D48-E1E1-49B2-B0B6-94925AEF9212}.Release|ARM.Build.0 = Release|ARM
		{E6C91D48-E1E1-49B2-B0B6-94925AEF9212}.Release|ARM.Deploy.0 = Release|ARM
		{E6C91D48-E1E1-49B2-B0B6-94925AEF9212}.Release|ARM64.ActiveCfg = Release|ARM64
		{E6C91D48-E1E1-49B2-B0B6-94925AEF9212}.Release|ARM64.Build.0 = Release|ARM64
		{E6C91D48-E1E1-49B2-B0B6-94925AEF9212}.Release|ARM64.Deploy.0 = Release|ARM64
		{E6C91D48-E1E1-49B2-B0B6-94925AEF9212}.Release|iPhone.ActiveCfg = Release|x86
		{E6C91D48-E1E1-49B2-B0B6-94925AEF9212}.Release|iPhoneSimulator.ActiveCfg = Release|x86
		{E6C91D48-E1E1-49B2-B0B6-94925AEF9212}.Release|x64.ActiveCfg = Release|x64
		{E6C91D48-E1E1-49B2-B0B6-94925AEF9212}.Release|x64.Build.0 = Release|x64
		{E6C91D48-E1E1-49B2-B0B6-94925AEF9212}.Release|x64.Deploy.0 = Release|x64
		{E6C91D48-E1E1-49B2-B0B6-94925AEF9212}.Release|x86.ActiveCfg = Release|x86
		{E6C91D48-E1E1-49B2-B0B6-94925AEF9212}.Release|x86.Build.0 = Release|x86
		{E6C91D48-E1E1-49B2-B0B6-94925AEF9212}.Release|x86.Deploy.0 = Release|x86
		{57DD1E2F-1860-4E8E-93B0-2483948185A9}.Debug|Any CPU.ActiveCfg = Debug|Any CPU
		{57DD1E2F-1860-4E8E-93B0-2483948185A9}.Debug|Any CPU.Build.0 = Debug|Any CPU
		{57DD1E2F-1860-4E8E-93B0-2483948185A9}.Debug|ARM.ActiveCfg = Debug|Any CPU
		{57DD1E2F-1860-4E8E-93B0-2483948185A9}.Debug|ARM.Build.0 = Debug|Any CPU
		{57DD1E2F-1860-4E8E-93B0-2483948185A9}.Debug|ARM64.ActiveCfg = Debug|Any CPU
		{57DD1E2F-1860-4E8E-93B0-2483948185A9}.Debug|ARM64.Build.0 = Debug|Any CPU
		{57DD1E2F-1860-4E8E-93B0-2483948185A9}.Debug|iPhone.ActiveCfg = Debug|Any CPU
		{57DD1E2F-1860-4E8E-93B0-2483948185A9}.Debug|iPhone.Build.0 = Debug|Any CPU
		{57DD1E2F-1860-4E8E-93B0-2483948185A9}.Debug|iPhoneSimulator.ActiveCfg = Debug|Any CPU
		{57DD1E2F-1860-4E8E-93B0-2483948185A9}.Debug|iPhoneSimulator.Build.0 = Debug|Any CPU
		{57DD1E2F-1860-4E8E-93B0-2483948185A9}.Debug|x64.ActiveCfg = Debug|Any CPU
		{57DD1E2F-1860-4E8E-93B0-2483948185A9}.Debug|x64.Build.0 = Debug|Any CPU
		{57DD1E2F-1860-4E8E-93B0-2483948185A9}.Debug|x86.ActiveCfg = Debug|Any CPU
		{57DD1E2F-1860-4E8E-93B0-2483948185A9}.Debug|x86.Build.0 = Debug|Any CPU
		{57DD1E2F-1860-4E8E-93B0-2483948185A9}.Release|Any CPU.ActiveCfg = Release|Any CPU
		{57DD1E2F-1860-4E8E-93B0-2483948185A9}.Release|Any CPU.Build.0 = Release|Any CPU
		{57DD1E2F-1860-4E8E-93B0-2483948185A9}.Release|ARM.ActiveCfg = Release|Any CPU
		{57DD1E2F-1860-4E8E-93B0-2483948185A9}.Release|ARM.Build.0 = Release|Any CPU
		{57DD1E2F-1860-4E8E-93B0-2483948185A9}.Release|ARM64.ActiveCfg = Release|Any CPU
		{57DD1E2F-1860-4E8E-93B0-2483948185A9}.Release|ARM64.Build.0 = Release|Any CPU
		{57DD1E2F-1860-4E8E-93B0-2483948185A9}.Release|iPhone.ActiveCfg = Release|Any CPU
		{57DD1E2F-1860-4E8E-93B0-2483948185A9}.Release|iPhone.Build.0 = Release|Any CPU
		{57DD1E2F-1860-4E8E-93B0-2483948185A9}.Release|iPhoneSimulator.ActiveCfg = Release|Any CPU
		{57DD1E2F-1860-4E8E-93B0-2483948185A9}.Release|iPhoneSimulator.Build.0 = Release|Any CPU
		{57DD1E2F-1860-4E8E-93B0-2483948185A9}.Release|x64.ActiveCfg = Release|Any CPU
		{57DD1E2F-1860-4E8E-93B0-2483948185A9}.Release|x64.Build.0 = Release|Any CPU
		{57DD1E2F-1860-4E8E-93B0-2483948185A9}.Release|x86.ActiveCfg = Release|Any CPU
		{57DD1E2F-1860-4E8E-93B0-2483948185A9}.Release|x86.Build.0 = Release|Any CPU
		{4A689CA8-1BE3-4D93-8B1A-86A5ADC55952}.Debug|Any CPU.ActiveCfg = Debug|Any CPU
		{4A689CA8-1BE3-4D93-8B1A-86A5ADC55952}.Debug|Any CPU.Build.0 = Debug|Any CPU
		{4A689CA8-1BE3-4D93-8B1A-86A5ADC55952}.Debug|ARM.ActiveCfg = Debug|Any CPU
		{4A689CA8-1BE3-4D93-8B1A-86A5ADC55952}.Debug|ARM.Build.0 = Debug|Any CPU
		{4A689CA8-1BE3-4D93-8B1A-86A5ADC55952}.Debug|ARM64.ActiveCfg = Debug|Any CPU
		{4A689CA8-1BE3-4D93-8B1A-86A5ADC55952}.Debug|ARM64.Build.0 = Debug|Any CPU
		{4A689CA8-1BE3-4D93-8B1A-86A5ADC55952}.Debug|iPhone.ActiveCfg = Debug|Any CPU
		{4A689CA8-1BE3-4D93-8B1A-86A5ADC55952}.Debug|iPhone.Build.0 = Debug|Any CPU
		{4A689CA8-1BE3-4D93-8B1A-86A5ADC55952}.Debug|iPhoneSimulator.ActiveCfg = Debug|Any CPU
		{4A689CA8-1BE3-4D93-8B1A-86A5ADC55952}.Debug|iPhoneSimulator.Build.0 = Debug|Any CPU
		{4A689CA8-1BE3-4D93-8B1A-86A5ADC55952}.Debug|x64.ActiveCfg = Debug|Any CPU
		{4A689CA8-1BE3-4D93-8B1A-86A5ADC55952}.Debug|x64.Build.0 = Debug|Any CPU
		{4A689CA8-1BE3-4D93-8B1A-86A5ADC55952}.Debug|x86.ActiveCfg = Debug|Any CPU
		{4A689CA8-1BE3-4D93-8B1A-86A5ADC55952}.Debug|x86.Build.0 = Debug|Any CPU
		{4A689CA8-1BE3-4D93-8B1A-86A5ADC55952}.Release|Any CPU.ActiveCfg = Release|Any CPU
		{4A689CA8-1BE3-4D93-8B1A-86A5ADC55952}.Release|Any CPU.Build.0 = Release|Any CPU
		{4A689CA8-1BE3-4D93-8B1A-86A5ADC55952}.Release|ARM.ActiveCfg = Release|Any CPU
		{4A689CA8-1BE3-4D93-8B1A-86A5ADC55952}.Release|ARM.Build.0 = Release|Any CPU
		{4A689CA8-1BE3-4D93-8B1A-86A5ADC55952}.Release|ARM64.ActiveCfg = Release|Any CPU
		{4A689CA8-1BE3-4D93-8B1A-86A5ADC55952}.Release|ARM64.Build.0 = Release|Any CPU
		{4A689CA8-1BE3-4D93-8B1A-86A5ADC55952}.Release|iPhone.ActiveCfg = Release|Any CPU
		{4A689CA8-1BE3-4D93-8B1A-86A5ADC55952}.Release|iPhone.Build.0 = Release|Any CPU
		{4A689CA8-1BE3-4D93-8B1A-86A5ADC55952}.Release|iPhoneSimulator.ActiveCfg = Release|Any CPU
		{4A689CA8-1BE3-4D93-8B1A-86A5ADC55952}.Release|iPhoneSimulator.Build.0 = Release|Any CPU
		{4A689CA8-1BE3-4D93-8B1A-86A5ADC55952}.Release|x64.ActiveCfg = Release|Any CPU
		{4A689CA8-1BE3-4D93-8B1A-86A5ADC55952}.Release|x64.Build.0 = Release|Any CPU
		{4A689CA8-1BE3-4D93-8B1A-86A5ADC55952}.Release|x86.ActiveCfg = Release|Any CPU
		{4A689CA8-1BE3-4D93-8B1A-86A5ADC55952}.Release|x86.Build.0 = Release|Any CPU
		{AF8FD2BD-827D-4324-9F2F-22E44F702448}.Debug|Any CPU.ActiveCfg = Debug|x86
		{AF8FD2BD-827D-4324-9F2F-22E44F702448}.Debug|Any CPU.Build.0 = Debug|x86
		{AF8FD2BD-827D-4324-9F2F-22E44F702448}.Debug|ARM.ActiveCfg = Debug|Any CPU
		{AF8FD2BD-827D-4324-9F2F-22E44F702448}.Debug|ARM.Build.0 = Debug|Any CPU
		{AF8FD2BD-827D-4324-9F2F-22E44F702448}.Debug|ARM64.ActiveCfg = Debug|arm64
		{AF8FD2BD-827D-4324-9F2F-22E44F702448}.Debug|ARM64.Build.0 = Debug|arm64
		{AF8FD2BD-827D-4324-9F2F-22E44F702448}.Debug|iPhone.ActiveCfg = Debug|Any CPU
		{AF8FD2BD-827D-4324-9F2F-22E44F702448}.Debug|iPhone.Build.0 = Debug|Any CPU
		{AF8FD2BD-827D-4324-9F2F-22E44F702448}.Debug|iPhoneSimulator.ActiveCfg = Debug|Any CPU
		{AF8FD2BD-827D-4324-9F2F-22E44F702448}.Debug|iPhoneSimulator.Build.0 = Debug|Any CPU
		{AF8FD2BD-827D-4324-9F2F-22E44F702448}.Debug|x64.ActiveCfg = Debug|x64
		{AF8FD2BD-827D-4324-9F2F-22E44F702448}.Debug|x64.Build.0 = Debug|x64
		{AF8FD2BD-827D-4324-9F2F-22E44F702448}.Debug|x86.ActiveCfg = Debug|x86
		{AF8FD2BD-827D-4324-9F2F-22E44F702448}.Debug|x86.Build.0 = Debug|x86
		{AF8FD2BD-827D-4324-9F2F-22E44F702448}.Release|Any CPU.ActiveCfg = Release|Any CPU
		{AF8FD2BD-827D-4324-9F2F-22E44F702448}.Release|Any CPU.Build.0 = Release|Any CPU
		{AF8FD2BD-827D-4324-9F2F-22E44F702448}.Release|ARM.ActiveCfg = Release|Any CPU
		{AF8FD2BD-827D-4324-9F2F-22E44F702448}.Release|ARM.Build.0 = Release|Any CPU
		{AF8FD2BD-827D-4324-9F2F-22E44F702448}.Release|ARM64.ActiveCfg = Release|Any CPU
		{AF8FD2BD-827D-4324-9F2F-22E44F702448}.Release|ARM64.Build.0 = Release|Any CPU
		{AF8FD2BD-827D-4324-9F2F-22E44F702448}.Release|iPhone.ActiveCfg = Release|Any CPU
		{AF8FD2BD-827D-4324-9F2F-22E44F702448}.Release|iPhone.Build.0 = Release|Any CPU
		{AF8FD2BD-827D-4324-9F2F-22E44F702448}.Release|iPhoneSimulator.ActiveCfg = Release|Any CPU
		{AF8FD2BD-827D-4324-9F2F-22E44F702448}.Release|iPhoneSimulator.Build.0 = Release|Any CPU
		{AF8FD2BD-827D-4324-9F2F-22E44F702448}.Release|x64.ActiveCfg = Release|Any CPU
		{AF8FD2BD-827D-4324-9F2F-22E44F702448}.Release|x64.Build.0 = Release|Any CPU
		{AF8FD2BD-827D-4324-9F2F-22E44F702448}.Release|x86.ActiveCfg = Release|Any CPU
		{AF8FD2BD-827D-4324-9F2F-22E44F702448}.Release|x86.Build.0 = Release|Any CPU
		{BA965E09-F957-44F7-9D4F-28DB2876218A}.Debug|Any CPU.ActiveCfg = Debug|Any CPU
		{BA965E09-F957-44F7-9D4F-28DB2876218A}.Debug|Any CPU.Build.0 = Debug|Any CPU
		{BA965E09-F957-44F7-9D4F-28DB2876218A}.Debug|ARM.ActiveCfg = Debug|Any CPU
		{BA965E09-F957-44F7-9D4F-28DB2876218A}.Debug|ARM.Build.0 = Debug|Any CPU
		{BA965E09-F957-44F7-9D4F-28DB2876218A}.Debug|ARM64.ActiveCfg = Debug|Any CPU
		{BA965E09-F957-44F7-9D4F-28DB2876218A}.Debug|ARM64.Build.0 = Debug|Any CPU
		{BA965E09-F957-44F7-9D4F-28DB2876218A}.Debug|iPhone.ActiveCfg = Debug|Any CPU
		{BA965E09-F957-44F7-9D4F-28DB2876218A}.Debug|iPhone.Build.0 = Debug|Any CPU
		{BA965E09-F957-44F7-9D4F-28DB2876218A}.Debug|iPhoneSimulator.ActiveCfg = Debug|Any CPU
		{BA965E09-F957-44F7-9D4F-28DB2876218A}.Debug|iPhoneSimulator.Build.0 = Debug|Any CPU
		{BA965E09-F957-44F7-9D4F-28DB2876218A}.Debug|x64.ActiveCfg = Debug|Any CPU
		{BA965E09-F957-44F7-9D4F-28DB2876218A}.Debug|x64.Build.0 = Debug|Any CPU
		{BA965E09-F957-44F7-9D4F-28DB2876218A}.Debug|x86.ActiveCfg = Debug|Any CPU
		{BA965E09-F957-44F7-9D4F-28DB2876218A}.Debug|x86.Build.0 = Debug|Any CPU
		{BA965E09-F957-44F7-9D4F-28DB2876218A}.Release|Any CPU.ActiveCfg = Release|Any CPU
		{BA965E09-F957-44F7-9D4F-28DB2876218A}.Release|Any CPU.Build.0 = Release|Any CPU
		{BA965E09-F957-44F7-9D4F-28DB2876218A}.Release|ARM.ActiveCfg = Release|Any CPU
		{BA965E09-F957-44F7-9D4F-28DB2876218A}.Release|ARM.Build.0 = Release|Any CPU
		{BA965E09-F957-44F7-9D4F-28DB2876218A}.Release|ARM64.ActiveCfg = Release|Any CPU
		{BA965E09-F957-44F7-9D4F-28DB2876218A}.Release|ARM64.Build.0 = Release|Any CPU
		{BA965E09-F957-44F7-9D4F-28DB2876218A}.Release|iPhone.ActiveCfg = Release|Any CPU
		{BA965E09-F957-44F7-9D4F-28DB2876218A}.Release|iPhone.Build.0 = Release|Any CPU
		{BA965E09-F957-44F7-9D4F-28DB2876218A}.Release|iPhoneSimulator.ActiveCfg = Release|Any CPU
		{BA965E09-F957-44F7-9D4F-28DB2876218A}.Release|iPhoneSimulator.Build.0 = Release|Any CPU
		{BA965E09-F957-44F7-9D4F-28DB2876218A}.Release|x64.ActiveCfg = Release|Any CPU
		{BA965E09-F957-44F7-9D4F-28DB2876218A}.Release|x64.Build.0 = Release|Any CPU
		{BA965E09-F957-44F7-9D4F-28DB2876218A}.Release|x86.ActiveCfg = Release|Any CPU
		{BA965E09-F957-44F7-9D4F-28DB2876218A}.Release|x86.Build.0 = Release|Any CPU
		{47D29062-A37D-4972-9B90-68A6C3BA0FEA}.Debug|Any CPU.ActiveCfg = Debug|Any CPU
		{47D29062-A37D-4972-9B90-68A6C3BA0FEA}.Debug|Any CPU.Build.0 = Debug|Any CPU
		{47D29062-A37D-4972-9B90-68A6C3BA0FEA}.Debug|ARM.ActiveCfg = Debug|Any CPU
		{47D29062-A37D-4972-9B90-68A6C3BA0FEA}.Debug|ARM.Build.0 = Debug|Any CPU
		{47D29062-A37D-4972-9B90-68A6C3BA0FEA}.Debug|ARM64.ActiveCfg = Debug|Any CPU
		{47D29062-A37D-4972-9B90-68A6C3BA0FEA}.Debug|ARM64.Build.0 = Debug|Any CPU
		{47D29062-A37D-4972-9B90-68A6C3BA0FEA}.Debug|iPhone.ActiveCfg = Debug|Any CPU
		{47D29062-A37D-4972-9B90-68A6C3BA0FEA}.Debug|iPhone.Build.0 = Debug|Any CPU
		{47D29062-A37D-4972-9B90-68A6C3BA0FEA}.Debug|iPhoneSimulator.ActiveCfg = Debug|Any CPU
		{47D29062-A37D-4972-9B90-68A6C3BA0FEA}.Debug|iPhoneSimulator.Build.0 = Debug|Any CPU
		{47D29062-A37D-4972-9B90-68A6C3BA0FEA}.Debug|x64.ActiveCfg = Debug|Any CPU
		{47D29062-A37D-4972-9B90-68A6C3BA0FEA}.Debug|x64.Build.0 = Debug|Any CPU
		{47D29062-A37D-4972-9B90-68A6C3BA0FEA}.Debug|x86.ActiveCfg = Debug|Any CPU
		{47D29062-A37D-4972-9B90-68A6C3BA0FEA}.Debug|x86.Build.0 = Debug|Any CPU
		{47D29062-A37D-4972-9B90-68A6C3BA0FEA}.Release|Any CPU.ActiveCfg = Release|Any CPU
		{47D29062-A37D-4972-9B90-68A6C3BA0FEA}.Release|Any CPU.Build.0 = Release|Any CPU
		{47D29062-A37D-4972-9B90-68A6C3BA0FEA}.Release|ARM.ActiveCfg = Release|Any CPU
		{47D29062-A37D-4972-9B90-68A6C3BA0FEA}.Release|ARM.Build.0 = Release|Any CPU
		{47D29062-A37D-4972-9B90-68A6C3BA0FEA}.Release|ARM64.ActiveCfg = Release|Any CPU
		{47D29062-A37D-4972-9B90-68A6C3BA0FEA}.Release|ARM64.Build.0 = Release|Any CPU
		{47D29062-A37D-4972-9B90-68A6C3BA0FEA}.Release|iPhone.ActiveCfg = Release|Any CPU
		{47D29062-A37D-4972-9B90-68A6C3BA0FEA}.Release|iPhone.Build.0 = Release|Any CPU
		{47D29062-A37D-4972-9B90-68A6C3BA0FEA}.Release|iPhoneSimulator.ActiveCfg = Release|Any CPU
		{47D29062-A37D-4972-9B90-68A6C3BA0FEA}.Release|iPhoneSimulator.Build.0 = Release|Any CPU
		{47D29062-A37D-4972-9B90-68A6C3BA0FEA}.Release|x64.ActiveCfg = Release|Any CPU
		{47D29062-A37D-4972-9B90-68A6C3BA0FEA}.Release|x64.Build.0 = Release|Any CPU
		{47D29062-A37D-4972-9B90-68A6C3BA0FEA}.Release|x86.ActiveCfg = Release|Any CPU
		{47D29062-A37D-4972-9B90-68A6C3BA0FEA}.Release|x86.Build.0 = Release|Any CPU
	EndGlobalSection
	GlobalSection(SolutionProperties) = preSolution
		HideSolutionNode = FALSE
	EndGlobalSection
	GlobalSection(NestedProjects) = preSolution
		{57DD1E2F-1860-4E8E-93B0-2483948185A9} = {6035DB7C-59AB-4DE9-BC8A-AA04C1D994C3}
		{4A689CA8-1BE3-4D93-8B1A-86A5ADC55952} = {6035DB7C-59AB-4DE9-BC8A-AA04C1D994C3}
		{AF8FD2BD-827D-4324-9F2F-22E44F702448} = {6035DB7C-59AB-4DE9-BC8A-AA04C1D994C3}
		{BA965E09-F957-44F7-9D4F-28DB2876218A} = {6035DB7C-59AB-4DE9-BC8A-AA04C1D994C3}
		{47D29062-A37D-4972-9B90-68A6C3BA0FEA} = {6035DB7C-59AB-4DE9-BC8A-AA04C1D994C3}
	EndGlobalSection
	GlobalSection(ExtensibilityGlobals) = postSolution
		SolutionGuid = {C7433AE2-B1A0-4C1A-887E-5CAA7AAF67A6}
	EndGlobalSection
EndGlobal
