Microsoft Visual Studio Solution File, Format Version 12.00
# Visual Studio Version 17
VisualStudioVersion = 17.3.32519.111
MinimumVisualStudioVersion = 15.0.26124.0
Project("{D954291E-2A0B-460D-934E-DC6B0785DB48}") = "TestHarness.Shared", "TestHarness.Shared\TestHarness.Shared.shproj", "{6279C845-92F8-4333-AB99-3D213163593C}"
EndProject
Project("{9A19103F-16F7-4668-BE54-9A1E7A4F7556}") = "TestHarness.Mobile", "TestHarness.Mobile\TestHarness.Mobile.csproj", "{46549ECE-8A4F-479D-A9D0-131B064412D8}"
EndProject
Project("{9A19103F-16F7-4668-BE54-9A1E7A4F7556}") = "TestHarness.Wasm", "TestHarness.Wasm\TestHarness.Wasm.csproj", "{40EA03F7-8A22-4143-B251-79BAC3EB13D2}"
EndProject
Project("{9A19103F-16F7-4668-BE54-9A1E7A4F7556}") = "TestHarness.Skia.Gtk", "TestHarness.Skia.Gtk\TestHarness.Skia.Gtk.csproj", "{A5B8155A-118F-4794-B551-C6F3CF7E5411}"
EndProject
Project("{9A19103F-16F7-4668-BE54-9A1E7A4F7556}") = "TestHarness.Skia.WPF", "TestHarness.Skia.WPF\TestHarness.Skia.WPF.csproj", "{1692D283-AAA3-410B-ABAD-EAFCC46574B4}"
EndProject
Project("{9A19103F-16F7-4668-BE54-9A1E7A4F7556}") = "TestHarness.Skia.Wpf.Host", "TestHarness.Skia.WPF.Host\TestHarness.Skia.Wpf.Host.csproj", "{6CF284A4-22B1-4F05-97F4-F095C07A598E}"
EndProject
Project("{9A19103F-16F7-4668-BE54-9A1E7A4F7556}") = "TestHarness.Windows", "TestHarness.Windows\TestHarness.Windows.csproj", "{1AA13270-F438-4864-9435-54FD806E10EA}"
EndProject
Project("{2150E333-8FDC-42A3-9474-1A3956D46DE8}") = "Platforms", "Platforms", "{A761FC47-1B28-49D5-A598-8C9F7126E2D4}"
EndProject
Project("{C7167F0D-BC9F-4E6E-AFE1-012C56B48DB5}") = "TestHarness.Windows.Package", "TestHarness.Windows.Package\TestHarness.Windows.Package.wapproj", "{65B2D6C4-FE9D-49B9-BB8D-75030AFDC1BA}"
EndProject
Project("{9A19103F-16F7-4668-BE54-9A1E7A4F7556}") = "TestHarness.UITest", "TestHarness.UITest\TestHarness.UITest.csproj", "{DA807CD1-9E91-4E2B-BAD8-5A7FD0561BBC}"
EndProject
Global
	GlobalSection(SolutionConfigurationPlatforms) = preSolution
		Debug|Any CPU = Debug|Any CPU
		Debug|ARM = Debug|ARM
		Debug|ARM64 = Debug|ARM64
		Debug|iPhone = Debug|iPhone
		Debug|iPhoneSimulator = Debug|iPhoneSimulator
		Debug|x64 = Debug|x64
		Debug|x86 = Debug|x86
		Release|Any CPU = Release|Any CPU
		Release|ARM = Release|ARM
		Release|ARM64 = Release|ARM64
		Release|iPhone = Release|iPhone
		Release|iPhoneSimulator = Release|iPhoneSimulator
		Release|x64 = Release|x64
		Release|x86 = Release|x86
	EndGlobalSection
	GlobalSection(ProjectConfigurationPlatforms) = postSolution
		{46549ECE-8A4F-479D-A9D0-131B064412D8}.Debug|Any CPU.ActiveCfg = Debug|Any CPU
		{46549ECE-8A4F-479D-A9D0-131B064412D8}.Debug|Any CPU.Build.0 = Debug|Any CPU
		{46549ECE-8A4F-479D-A9D0-131B064412D8}.Debug|Any CPU.Deploy.0 = Debug|Any CPU
		{46549ECE-8A4F-479D-A9D0-131B064412D8}.Debug|ARM.ActiveCfg = Debug|Any CPU
		{46549ECE-8A4F-479D-A9D0-131B064412D8}.Debug|ARM.Build.0 = Debug|Any CPU
		{46549ECE-8A4F-479D-A9D0-131B064412D8}.Debug|ARM.Deploy.0 = Debug|Any CPU
		{46549ECE-8A4F-479D-A9D0-131B064412D8}.Debug|ARM64.ActiveCfg = Debug|Any CPU
		{46549ECE-8A4F-479D-A9D0-131B064412D8}.Debug|ARM64.Build.0 = Debug|Any CPU
		{46549ECE-8A4F-479D-A9D0-131B064412D8}.Debug|ARM64.Deploy.0 = Debug|Any CPU
		{46549ECE-8A4F-479D-A9D0-131B064412D8}.Debug|iPhone.ActiveCfg = Debug|Any CPU
		{46549ECE-8A4F-479D-A9D0-131B064412D8}.Debug|iPhone.Build.0 = Debug|Any CPU
		{46549ECE-8A4F-479D-A9D0-131B064412D8}.Debug|iPhone.Deploy.0 = Debug|Any CPU
		{46549ECE-8A4F-479D-A9D0-131B064412D8}.Debug|iPhoneSimulator.ActiveCfg = Debug|Any CPU
		{46549ECE-8A4F-479D-A9D0-131B064412D8}.Debug|iPhoneSimulator.Build.0 = Debug|Any CPU
		{46549ECE-8A4F-479D-A9D0-131B064412D8}.Debug|iPhoneSimulator.Deploy.0 = Debug|Any CPU
		{46549ECE-8A4F-479D-A9D0-131B064412D8}.Debug|x64.ActiveCfg = Debug|Any CPU
		{46549ECE-8A4F-479D-A9D0-131B064412D8}.Debug|x64.Build.0 = Debug|Any CPU
		{46549ECE-8A4F-479D-A9D0-131B064412D8}.Debug|x64.Deploy.0 = Debug|Any CPU
		{46549ECE-8A4F-479D-A9D0-131B064412D8}.Debug|x86.ActiveCfg = Debug|Any CPU
		{46549ECE-8A4F-479D-A9D0-131B064412D8}.Debug|x86.Build.0 = Debug|Any CPU
		{46549ECE-8A4F-479D-A9D0-131B064412D8}.Debug|x86.Deploy.0 = Debug|Any CPU
		{46549ECE-8A4F-479D-A9D0-131B064412D8}.Release|Any CPU.ActiveCfg = Release|Any CPU
		{46549ECE-8A4F-479D-A9D0-131B064412D8}.Release|Any CPU.Build.0 = Release|Any CPU
		{46549ECE-8A4F-479D-A9D0-131B064412D8}.Release|Any CPU.Deploy.0 = Release|Any CPU
		{46549ECE-8A4F-479D-A9D0-131B064412D8}.Release|ARM.ActiveCfg = Release|Any CPU
		{46549ECE-8A4F-479D-A9D0-131B064412D8}.Release|ARM.Build.0 = Release|Any CPU
		{46549ECE-8A4F-479D-A9D0-131B064412D8}.Release|ARM.Deploy.0 = Release|Any CPU
		{46549ECE-8A4F-479D-A9D0-131B064412D8}.Release|ARM64.ActiveCfg = Release|Any CPU
		{46549ECE-8A4F-479D-A9D0-131B064412D8}.Release|ARM64.Build.0 = Release|Any CPU
		{46549ECE-8A4F-479D-A9D0-131B064412D8}.Release|ARM64.Deploy.0 = Release|Any CPU
		{46549ECE-8A4F-479D-A9D0-131B064412D8}.Release|iPhone.ActiveCfg = Release|Any CPU
		{46549ECE-8A4F-479D-A9D0-131B064412D8}.Release|iPhone.Build.0 = Release|Any CPU
		{46549ECE-8A4F-479D-A9D0-131B064412D8}.Release|iPhone.Deploy.0 = Release|Any CPU
		{46549ECE-8A4F-479D-A9D0-131B064412D8}.Release|iPhoneSimulator.ActiveCfg = Release|Any CPU
		{46549ECE-8A4F-479D-A9D0-131B064412D8}.Release|iPhoneSimulator.Build.0 = Release|Any CPU
		{46549ECE-8A4F-479D-A9D0-131B064412D8}.Release|iPhoneSimulator.Deploy.0 = Release|Any CPU
		{46549ECE-8A4F-479D-A9D0-131B064412D8}.Release|x64.ActiveCfg = Release|Any CPU
		{46549ECE-8A4F-479D-A9D0-131B064412D8}.Release|x64.Build.0 = Release|Any CPU
		{46549ECE-8A4F-479D-A9D0-131B064412D8}.Release|x64.Deploy.0 = Release|Any CPU
		{46549ECE-8A4F-479D-A9D0-131B064412D8}.Release|x86.ActiveCfg = Release|Any CPU
		{46549ECE-8A4F-479D-A9D0-131B064412D8}.Release|x86.Build.0 = Release|Any CPU
		{46549ECE-8A4F-479D-A9D0-131B064412D8}.Release|x86.Deploy.0 = Release|Any CPU
		{40EA03F7-8A22-4143-B251-79BAC3EB13D2}.Debug|Any CPU.ActiveCfg = Debug|Any CPU
		{40EA03F7-8A22-4143-B251-79BAC3EB13D2}.Debug|Any CPU.Build.0 = Debug|Any CPU
		{40EA03F7-8A22-4143-B251-79BAC3EB13D2}.Debug|ARM.ActiveCfg = Debug|Any CPU
		{40EA03F7-8A22-4143-B251-79BAC3EB13D2}.Debug|ARM.Build.0 = Debug|Any CPU
		{40EA03F7-8A22-4143-B251-79BAC3EB13D2}.Debug|ARM64.ActiveCfg = Debug|Any CPU
		{40EA03F7-8A22-4143-B251-79BAC3EB13D2}.Debug|ARM64.Build.0 = Debug|Any CPU
		{40EA03F7-8A22-4143-B251-79BAC3EB13D2}.Debug|iPhone.ActiveCfg = Debug|Any CPU
		{40EA03F7-8A22-4143-B251-79BAC3EB13D2}.Debug|iPhone.Build.0 = Debug|Any CPU
		{40EA03F7-8A22-4143-B251-79BAC3EB13D2}.Debug|iPhoneSimulator.ActiveCfg = Debug|Any CPU
		{40EA03F7-8A22-4143-B251-79BAC3EB13D2}.Debug|iPhoneSimulator.Build.0 = Debug|Any CPU
		{40EA03F7-8A22-4143-B251-79BAC3EB13D2}.Debug|x64.ActiveCfg = Debug|Any CPU
		{40EA03F7-8A22-4143-B251-79BAC3EB13D2}.Debug|x64.Build.0 = Debug|Any CPU
		{40EA03F7-8A22-4143-B251-79BAC3EB13D2}.Debug|x86.ActiveCfg = Debug|Any CPU
		{40EA03F7-8A22-4143-B251-79BAC3EB13D2}.Debug|x86.Build.0 = Debug|Any CPU
		{40EA03F7-8A22-4143-B251-79BAC3EB13D2}.Release|Any CPU.ActiveCfg = Release|Any CPU
		{40EA03F7-8A22-4143-B251-79BAC3EB13D2}.Release|Any CPU.Build.0 = Release|Any CPU
		{40EA03F7-8A22-4143-B251-79BAC3EB13D2}.Release|ARM.ActiveCfg = Release|Any CPU
		{40EA03F7-8A22-4143-B251-79BAC3EB13D2}.Release|ARM.Build.0 = Release|Any CPU
		{40EA03F7-8A22-4143-B251-79BAC3EB13D2}.Release|ARM64.ActiveCfg = Release|Any CPU
		{40EA03F7-8A22-4143-B251-79BAC3EB13D2}.Release|ARM64.Build.0 = Release|Any CPU
		{40EA03F7-8A22-4143-B251-79BAC3EB13D2}.Release|iPhone.ActiveCfg = Release|Any CPU
		{40EA03F7-8A22-4143-B251-79BAC3EB13D2}.Release|iPhone.Build.0 = Release|Any CPU
		{40EA03F7-8A22-4143-B251-79BAC3EB13D2}.Release|iPhoneSimulator.ActiveCfg = Release|Any CPU
		{40EA03F7-8A22-4143-B251-79BAC3EB13D2}.Release|iPhoneSimulator.Build.0 = Release|Any CPU
		{40EA03F7-8A22-4143-B251-79BAC3EB13D2}.Release|x64.ActiveCfg = Release|Any CPU
		{40EA03F7-8A22-4143-B251-79BAC3EB13D2}.Release|x64.Build.0 = Release|Any CPU
		{40EA03F7-8A22-4143-B251-79BAC3EB13D2}.Release|x86.ActiveCfg = Release|Any CPU
		{40EA03F7-8A22-4143-B251-79BAC3EB13D2}.Release|x86.Build.0 = Release|Any CPU
		{A5B8155A-118F-4794-B551-C6F3CF7E5411}.Debug|Any CPU.ActiveCfg = Debug|Any CPU
		{A5B8155A-118F-4794-B551-C6F3CF7E5411}.Debug|Any CPU.Build.0 = Debug|Any CPU
		{A5B8155A-118F-4794-B551-C6F3CF7E5411}.Debug|ARM.ActiveCfg = Debug|Any CPU
		{A5B8155A-118F-4794-B551-C6F3CF7E5411}.Debug|ARM.Build.0 = Debug|Any CPU
		{A5B8155A-118F-4794-B551-C6F3CF7E5411}.Debug|ARM64.ActiveCfg = Debug|Any CPU
		{A5B8155A-118F-4794-B551-C6F3CF7E5411}.Debug|ARM64.Build.0 = Debug|Any CPU
		{A5B8155A-118F-4794-B551-C6F3CF7E5411}.Debug|iPhone.ActiveCfg = Debug|Any CPU
		{A5B8155A-118F-4794-B551-C6F3CF7E5411}.Debug|iPhone.Build.0 = Debug|Any CPU
		{A5B8155A-118F-4794-B551-C6F3CF7E5411}.Debug|iPhoneSimulator.ActiveCfg = Debug|Any CPU
		{A5B8155A-118F-4794-B551-C6F3CF7E5411}.Debug|iPhoneSimulator.Build.0 = Debug|Any CPU
		{A5B8155A-118F-4794-B551-C6F3CF7E5411}.Debug|x64.ActiveCfg = Debug|Any CPU
		{A5B8155A-118F-4794-B551-C6F3CF7E5411}.Debug|x64.Build.0 = Debug|Any CPU
		{A5B8155A-118F-4794-B551-C6F3CF7E5411}.Debug|x86.ActiveCfg = Debug|Any CPU
		{A5B8155A-118F-4794-B551-C6F3CF7E5411}.Debug|x86.Build.0 = Debug|Any CPU
		{A5B8155A-118F-4794-B551-C6F3CF7E5411}.Release|Any CPU.ActiveCfg = Release|Any CPU
		{A5B8155A-118F-4794-B551-C6F3CF7E5411}.Release|Any CPU.Build.0 = Release|Any CPU
		{A5B8155A-118F-4794-B551-C6F3CF7E5411}.Release|ARM.ActiveCfg = Release|Any CPU
		{A5B8155A-118F-4794-B551-C6F3CF7E5411}.Release|ARM.Build.0 = Release|Any CPU
		{A5B8155A-118F-4794-B551-C6F3CF7E5411}.Release|ARM64.ActiveCfg = Release|Any CPU
		{A5B8155A-118F-4794-B551-C6F3CF7E5411}.Release|ARM64.Build.0 = Release|Any CPU
		{A5B8155A-118F-4794-B551-C6F3CF7E5411}.Release|iPhone.ActiveCfg = Release|Any CPU
		{A5B8155A-118F-4794-B551-C6F3CF7E5411}.Release|iPhone.Build.0 = Release|Any CPU
		{A5B8155A-118F-4794-B551-C6F3CF7E5411}.Release|iPhoneSimulator.ActiveCfg = Release|Any CPU
		{A5B8155A-118F-4794-B551-C6F3CF7E5411}.Release|iPhoneSimulator.Build.0 = Release|Any CPU
		{A5B8155A-118F-4794-B551-C6F3CF7E5411}.Release|x64.ActiveCfg = Release|Any CPU
		{A5B8155A-118F-4794-B551-C6F3CF7E5411}.Release|x64.Build.0 = Release|Any CPU
		{A5B8155A-118F-4794-B551-C6F3CF7E5411}.Release|x86.ActiveCfg = Release|Any CPU
		{A5B8155A-118F-4794-B551-C6F3CF7E5411}.Release|x86.Build.0 = Release|Any CPU
		{1692D283-AAA3-410B-ABAD-EAFCC46574B4}.Debug|Any CPU.ActiveCfg = Debug|Any CPU
		{1692D283-AAA3-410B-ABAD-EAFCC46574B4}.Debug|Any CPU.Build.0 = Debug|Any CPU
		{1692D283-AAA3-410B-ABAD-EAFCC46574B4}.Debug|Any CPU.Deploy.0 = Debug|Any CPU
		{1692D283-AAA3-410B-ABAD-EAFCC46574B4}.Debug|ARM.ActiveCfg = Debug|Any CPU
		{1692D283-AAA3-410B-ABAD-EAFCC46574B4}.Debug|ARM.Build.0 = Debug|Any CPU
		{1692D283-AAA3-410B-ABAD-EAFCC46574B4}.Debug|ARM.Deploy.0 = Debug|Any CPU
		{1692D283-AAA3-410B-ABAD-EAFCC46574B4}.Debug|ARM64.ActiveCfg = Debug|Any CPU
		{1692D283-AAA3-410B-ABAD-EAFCC46574B4}.Debug|ARM64.Build.0 = Debug|Any CPU
		{1692D283-AAA3-410B-ABAD-EAFCC46574B4}.Debug|ARM64.Deploy.0 = Debug|Any CPU
		{1692D283-AAA3-410B-ABAD-EAFCC46574B4}.Debug|iPhone.ActiveCfg = Debug|Any CPU
		{1692D283-AAA3-410B-ABAD-EAFCC46574B4}.Debug|iPhone.Build.0 = Debug|Any CPU
		{1692D283-AAA3-410B-ABAD-EAFCC46574B4}.Debug|iPhone.Deploy.0 = Debug|Any CPU
		{1692D283-AAA3-410B-ABAD-EAFCC46574B4}.Debug|iPhoneSimulator.ActiveCfg = Debug|Any CPU
		{1692D283-AAA3-410B-ABAD-EAFCC46574B4}.Debug|iPhoneSimulator.Build.0 = Debug|Any CPU
		{1692D283-AAA3-410B-ABAD-EAFCC46574B4}.Debug|iPhoneSimulator.Deploy.0 = Debug|Any CPU
		{1692D283-AAA3-410B-ABAD-EAFCC46574B4}.Debug|x64.ActiveCfg = Debug|Any CPU
		{1692D283-AAA3-410B-ABAD-EAFCC46574B4}.Debug|x64.Build.0 = Debug|Any CPU
		{1692D283-AAA3-410B-ABAD-EAFCC46574B4}.Debug|x64.Deploy.0 = Debug|Any CPU
		{1692D283-AAA3-410B-ABAD-EAFCC46574B4}.Debug|x86.ActiveCfg = Debug|Any CPU
		{1692D283-AAA3-410B-ABAD-EAFCC46574B4}.Debug|x86.Build.0 = Debug|Any CPU
		{1692D283-AAA3-410B-ABAD-EAFCC46574B4}.Debug|x86.Deploy.0 = Debug|Any CPU
		{1692D283-AAA3-410B-ABAD-EAFCC46574B4}.Release|Any CPU.ActiveCfg = Release|Any CPU
		{1692D283-AAA3-410B-ABAD-EAFCC46574B4}.Release|Any CPU.Build.0 = Release|Any CPU
		{1692D283-AAA3-410B-ABAD-EAFCC46574B4}.Release|ARM.ActiveCfg = Release|Any CPU
		{1692D283-AAA3-410B-ABAD-EAFCC46574B4}.Release|ARM.Build.0 = Release|Any CPU
		{1692D283-AAA3-410B-ABAD-EAFCC46574B4}.Release|ARM.Deploy.0 = Release|Any CPU
		{1692D283-AAA3-410B-ABAD-EAFCC46574B4}.Release|ARM64.ActiveCfg = Release|Any CPU
		{1692D283-AAA3-410B-ABAD-EAFCC46574B4}.Release|ARM64.Build.0 = Release|Any CPU
		{1692D283-AAA3-410B-ABAD-EAFCC46574B4}.Release|ARM64.Deploy.0 = Release|Any CPU
		{1692D283-AAA3-410B-ABAD-EAFCC46574B4}.Release|iPhone.ActiveCfg = Release|Any CPU
		{1692D283-AAA3-410B-ABAD-EAFCC46574B4}.Release|iPhone.Build.0 = Release|Any CPU
		{1692D283-AAA3-410B-ABAD-EAFCC46574B4}.Release|iPhoneSimulator.ActiveCfg = Release|Any CPU
		{1692D283-AAA3-410B-ABAD-EAFCC46574B4}.Release|iPhoneSimulator.Build.0 = Release|Any CPU
		{1692D283-AAA3-410B-ABAD-EAFCC46574B4}.Release|iPhoneSimulator.Deploy.0 = Release|Any CPU
		{1692D283-AAA3-410B-ABAD-EAFCC46574B4}.Release|x64.ActiveCfg = Release|Any CPU
		{1692D283-AAA3-410B-ABAD-EAFCC46574B4}.Release|x64.Build.0 = Release|Any CPU
		{1692D283-AAA3-410B-ABAD-EAFCC46574B4}.Release|x64.Deploy.0 = Release|Any CPU
		{1692D283-AAA3-410B-ABAD-EAFCC46574B4}.Release|x86.ActiveCfg = Release|Any CPU
		{1692D283-AAA3-410B-ABAD-EAFCC46574B4}.Release|x86.Build.0 = Release|Any CPU
		{1692D283-AAA3-410B-ABAD-EAFCC46574B4}.Release|x86.Deploy.0 = Release|Any CPU
		{6CF284A4-22B1-4F05-97F4-F095C07A598E}.Debug|Any CPU.ActiveCfg = Debug|Any CPU
		{6CF284A4-22B1-4F05-97F4-F095C07A598E}.Debug|Any CPU.Build.0 = Debug|Any CPU
		{6CF284A4-22B1-4F05-97F4-F095C07A598E}.Debug|ARM.ActiveCfg = Debug|Any CPU
		{6CF284A4-22B1-4F05-97F4-F095C07A598E}.Debug|ARM.Build.0 = Debug|Any CPU
		{6CF284A4-22B1-4F05-97F4-F095C07A598E}.Debug|ARM64.ActiveCfg = Debug|Any CPU
		{6CF284A4-22B1-4F05-97F4-F095C07A598E}.Debug|ARM64.Build.0 = Debug|Any CPU
		{6CF284A4-22B1-4F05-97F4-F095C07A598E}.Debug|iPhone.ActiveCfg = Debug|Any CPU
		{6CF284A4-22B1-4F05-97F4-F095C07A598E}.Debug|iPhone.Build.0 = Debug|Any CPU
		{6CF284A4-22B1-4F05-97F4-F095C07A598E}.Debug|iPhoneSimulator.ActiveCfg = Debug|Any CPU
		{6CF284A4-22B1-4F05-97F4-F095C07A598E}.Debug|iPhoneSimulator.Build.0 = Debug|Any CPU
		{6CF284A4-22B1-4F05-97F4-F095C07A598E}.Debug|x64.ActiveCfg = Debug|Any CPU
		{6CF284A4-22B1-4F05-97F4-F095C07A598E}.Debug|x64.Build.0 = Debug|Any CPU
		{6CF284A4-22B1-4F05-97F4-F095C07A598E}.Debug|x86.ActiveCfg = Debug|Any CPU
		{6CF284A4-22B1-4F05-97F4-F095C07A598E}.Debug|x86.Build.0 = Debug|Any CPU
		{6CF284A4-22B1-4F05-97F4-F095C07A598E}.Release|Any CPU.ActiveCfg = Release|Any CPU
		{6CF284A4-22B1-4F05-97F4-F095C07A598E}.Release|Any CPU.Build.0 = Release|Any CPU
		{6CF284A4-22B1-4F05-97F4-F095C07A598E}.Release|ARM.ActiveCfg = Release|Any CPU
		{6CF284A4-22B1-4F05-97F4-F095C07A598E}.Release|ARM.Build.0 = Release|Any CPU
		{6CF284A4-22B1-4F05-97F4-F095C07A598E}.Release|ARM64.ActiveCfg = Release|Any CPU
		{6CF284A4-22B1-4F05-97F4-F095C07A598E}.Release|ARM64.Build.0 = Release|Any CPU
		{6CF284A4-22B1-4F05-97F4-F095C07A598E}.Release|iPhone.ActiveCfg = Release|Any CPU
		{6CF284A4-22B1-4F05-97F4-F095C07A598E}.Release|iPhone.Build.0 = Release|Any CPU
		{6CF284A4-22B1-4F05-97F4-F095C07A598E}.Release|iPhoneSimulator.ActiveCfg = Release|Any CPU
		{6CF284A4-22B1-4F05-97F4-F095C07A598E}.Release|iPhoneSimulator.Build.0 = Release|Any CPU
		{6CF284A4-22B1-4F05-97F4-F095C07A598E}.Release|x64.ActiveCfg = Release|Any CPU
		{6CF284A4-22B1-4F05-97F4-F095C07A598E}.Release|x64.Build.0 = Release|Any CPU
		{6CF284A4-22B1-4F05-97F4-F095C07A598E}.Release|x86.ActiveCfg = Release|Any CPU
		{6CF284A4-22B1-4F05-97F4-F095C07A598E}.Release|x86.Build.0 = Release|Any CPU
		{1AA13270-F438-4864-9435-54FD806E10EA}.Debug|Any CPU.ActiveCfg = Debug|x64
		{1AA13270-F438-4864-9435-54FD806E10EA}.Debug|Any CPU.Build.0 = Debug|x64
		{1AA13270-F438-4864-9435-54FD806E10EA}.Debug|ARM.ActiveCfg = Debug|Any CPU
		{1AA13270-F438-4864-9435-54FD806E10EA}.Debug|ARM.Build.0 = Debug|Any CPU
		{1AA13270-F438-4864-9435-54FD806E10EA}.Debug|ARM64.ActiveCfg = Debug|x86
		{1AA13270-F438-4864-9435-54FD806E10EA}.Debug|ARM64.Build.0 = Debug|x86
		{1AA13270-F438-4864-9435-54FD806E10EA}.Debug|iPhone.ActiveCfg = Debug|Any CPU
		{1AA13270-F438-4864-9435-54FD806E10EA}.Debug|iPhone.Build.0 = Debug|Any CPU
		{1AA13270-F438-4864-9435-54FD806E10EA}.Debug|iPhoneSimulator.ActiveCfg = Debug|Any CPU
		{1AA13270-F438-4864-9435-54FD806E10EA}.Debug|iPhoneSimulator.Build.0 = Debug|Any CPU
		{1AA13270-F438-4864-9435-54FD806E10EA}.Debug|x64.ActiveCfg = Debug|x86
		{1AA13270-F438-4864-9435-54FD806E10EA}.Debug|x64.Build.0 = Debug|x86
		{1AA13270-F438-4864-9435-54FD806E10EA}.Debug|x86.ActiveCfg = Debug|x86
		{1AA13270-F438-4864-9435-54FD806E10EA}.Debug|x86.Build.0 = Debug|x86
		{1AA13270-F438-4864-9435-54FD806E10EA}.Release|Any CPU.ActiveCfg = Release|Any CPU
		{1AA13270-F438-4864-9435-54FD806E10EA}.Release|Any CPU.Build.0 = Release|Any CPU
		{1AA13270-F438-4864-9435-54FD806E10EA}.Release|ARM.ActiveCfg = Release|Any CPU
		{1AA13270-F438-4864-9435-54FD806E10EA}.Release|ARM.Build.0 = Release|Any CPU
		{1AA13270-F438-4864-9435-54FD806E10EA}.Release|ARM64.ActiveCfg = Release|x86
		{1AA13270-F438-4864-9435-54FD806E10EA}.Release|ARM64.Build.0 = Release|x86
		{1AA13270-F438-4864-9435-54FD806E10EA}.Release|iPhone.ActiveCfg = Release|Any CPU
		{1AA13270-F438-4864-9435-54FD806E10EA}.Release|iPhone.Build.0 = Release|Any CPU
		{1AA13270-F438-4864-9435-54FD806E10EA}.Release|iPhoneSimulator.ActiveCfg = Release|Any CPU
		{1AA13270-F438-4864-9435-54FD806E10EA}.Release|iPhoneSimulator.Build.0 = Release|Any CPU
		{1AA13270-F438-4864-9435-54FD806E10EA}.Release|x64.ActiveCfg = Release|x86
		{1AA13270-F438-4864-9435-54FD806E10EA}.Release|x64.Build.0 = Release|x86
		{1AA13270-F438-4864-9435-54FD806E10EA}.Release|x86.ActiveCfg = Release|x86
		{1AA13270-F438-4864-9435-54FD806E10EA}.Release|x86.Build.0 = Release|x86
		{65B2D6C4-FE9D-49B9-BB8D-75030AFDC1BA}.Debug|Any CPU.ActiveCfg = Debug|x64
		{65B2D6C4-FE9D-49B9-BB8D-75030AFDC1BA}.Debug|Any CPU.Build.0 = Debug|x64
		{65B2D6C4-FE9D-49B9-BB8D-75030AFDC1BA}.Debug|Any CPU.Deploy.0 = Debug|x64
		{65B2D6C4-FE9D-49B9-BB8D-75030AFDC1BA}.Debug|ARM.ActiveCfg = Debug|ARM
		{65B2D6C4-FE9D-49B9-BB8D-75030AFDC1BA}.Debug|ARM.Build.0 = Debug|ARM
		{65B2D6C4-FE9D-49B9-BB8D-75030AFDC1BA}.Debug|ARM.Deploy.0 = Debug|ARM
		{65B2D6C4-FE9D-49B9-BB8D-75030AFDC1BA}.Debug|ARM64.ActiveCfg = Debug|ARM64
		{65B2D6C4-FE9D-49B9-BB8D-75030AFDC1BA}.Debug|ARM64.Build.0 = Debug|ARM64
		{65B2D6C4-FE9D-49B9-BB8D-75030AFDC1BA}.Debug|ARM64.Deploy.0 = Debug|ARM64
		{65B2D6C4-FE9D-49B9-BB8D-75030AFDC1BA}.Debug|iPhone.ActiveCfg = Debug|Any CPU
		{65B2D6C4-FE9D-49B9-BB8D-75030AFDC1BA}.Debug|iPhone.Build.0 = Debug|Any CPU
		{65B2D6C4-FE9D-49B9-BB8D-75030AFDC1BA}.Debug|iPhone.Deploy.0 = Debug|Any CPU
		{65B2D6C4-FE9D-49B9-BB8D-75030AFDC1BA}.Debug|iPhoneSimulator.ActiveCfg = Debug|Any CPU
		{65B2D6C4-FE9D-49B9-BB8D-75030AFDC1BA}.Debug|iPhoneSimulator.Build.0 = Debug|Any CPU
		{65B2D6C4-FE9D-49B9-BB8D-75030AFDC1BA}.Debug|iPhoneSimulator.Deploy.0 = Debug|Any CPU
		{65B2D6C4-FE9D-49B9-BB8D-75030AFDC1BA}.Debug|x64.ActiveCfg = Debug|x64
		{65B2D6C4-FE9D-49B9-BB8D-75030AFDC1BA}.Debug|x64.Build.0 = Debug|x64
		{65B2D6C4-FE9D-49B9-BB8D-75030AFDC1BA}.Debug|x64.Deploy.0 = Debug|x64
		{65B2D6C4-FE9D-49B9-BB8D-75030AFDC1BA}.Debug|x86.ActiveCfg = Debug|x86
		{65B2D6C4-FE9D-49B9-BB8D-75030AFDC1BA}.Debug|x86.Build.0 = Debug|x86
		{65B2D6C4-FE9D-49B9-BB8D-75030AFDC1BA}.Debug|x86.Deploy.0 = Debug|x86
		{65B2D6C4-FE9D-49B9-BB8D-75030AFDC1BA}.Release|Any CPU.ActiveCfg = Release|Any CPU
		{65B2D6C4-FE9D-49B9-BB8D-75030AFDC1BA}.Release|Any CPU.Build.0 = Release|Any CPU
		{65B2D6C4-FE9D-49B9-BB8D-75030AFDC1BA}.Release|Any CPU.Deploy.0 = Release|Any CPU
		{65B2D6C4-FE9D-49B9-BB8D-75030AFDC1BA}.Release|ARM.ActiveCfg = Release|ARM
		{65B2D6C4-FE9D-49B9-BB8D-75030AFDC1BA}.Release|ARM.Build.0 = Release|ARM
		{65B2D6C4-FE9D-49B9-BB8D-75030AFDC1BA}.Release|ARM.Deploy.0 = Release|ARM
		{65B2D6C4-FE9D-49B9-BB8D-75030AFDC1BA}.Release|ARM64.ActiveCfg = Release|ARM64
		{65B2D6C4-FE9D-49B9-BB8D-75030AFDC1BA}.Release|ARM64.Build.0 = Release|ARM64
		{65B2D6C4-FE9D-49B9-BB8D-75030AFDC1BA}.Release|ARM64.Deploy.0 = Release|ARM64
		{65B2D6C4-FE9D-49B9-BB8D-75030AFDC1BA}.Release|iPhone.ActiveCfg = Release|Any CPU
		{65B2D6C4-FE9D-49B9-BB8D-75030AFDC1BA}.Release|iPhone.Build.0 = Release|Any CPU
		{65B2D6C4-FE9D-49B9-BB8D-75030AFDC1BA}.Release|iPhone.Deploy.0 = Release|Any CPU
		{65B2D6C4-FE9D-49B9-BB8D-75030AFDC1BA}.Release|iPhoneSimulator.ActiveCfg = Release|Any CPU
		{65B2D6C4-FE9D-49B9-BB8D-75030AFDC1BA}.Release|iPhoneSimulator.Build.0 = Release|Any CPU
		{65B2D6C4-FE9D-49B9-BB8D-75030AFDC1BA}.Release|iPhoneSimulator.Deploy.0 = Release|Any CPU
		{65B2D6C4-FE9D-49B9-BB8D-75030AFDC1BA}.Release|x64.ActiveCfg = Release|x64
		{65B2D6C4-FE9D-49B9-BB8D-75030AFDC1BA}.Release|x64.Build.0 = Release|x64
		{65B2D6C4-FE9D-49B9-BB8D-75030AFDC1BA}.Release|x64.Deploy.0 = Release|x64
		{65B2D6C4-FE9D-49B9-BB8D-75030AFDC1BA}.Release|x86.ActiveCfg = Release|x86
		{65B2D6C4-FE9D-49B9-BB8D-75030AFDC1BA}.Release|x86.Build.0 = Release|x86
		{65B2D6C4-FE9D-49B9-BB8D-75030AFDC1BA}.Release|x86.Deploy.0 = Release|x86
		{DA807CD1-9E91-4E2B-BAD8-5A7FD0561BBC}.Debug|Any CPU.ActiveCfg = Debug|Any CPU
		{DA807CD1-9E91-4E2B-BAD8-5A7FD0561BBC}.Debug|Any CPU.Build.0 = Debug|Any CPU
		{DA807CD1-9E91-4E2B-BAD8-5A7FD0561BBC}.Debug|ARM.ActiveCfg = Debug|Any CPU
		{DA807CD1-9E91-4E2B-BAD8-5A7FD0561BBC}.Debug|ARM.Build.0 = Debug|Any CPU
		{DA807CD1-9E91-4E2B-BAD8-5A7FD0561BBC}.Debug|ARM64.ActiveCfg = Debug|Any CPU
		{DA807CD1-9E91-4E2B-BAD8-5A7FD0561BBC}.Debug|ARM64.Build.0 = Debug|Any CPU
		{DA807CD1-9E91-4E2B-BAD8-5A7FD0561BBC}.Debug|iPhone.ActiveCfg = Debug|Any CPU
		{DA807CD1-9E91-4E2B-BAD8-5A7FD0561BBC}.Debug|iPhone.Build.0 = Debug|Any CPU
		{DA807CD1-9E91-4E2B-BAD8-5A7FD0561BBC}.Debug|iPhoneSimulator.ActiveCfg = Debug|Any CPU
		{DA807CD1-9E91-4E2B-BAD8-5A7FD0561BBC}.Debug|iPhoneSimulator.Build.0 = Debug|Any CPU
		{DA807CD1-9E91-4E2B-BAD8-5A7FD0561BBC}.Debug|x64.ActiveCfg = Debug|Any CPU
		{DA807CD1-9E91-4E2B-BAD8-5A7FD0561BBC}.Debug|x64.Build.0 = Debug|Any CPU
		{DA807CD1-9E91-4E2B-BAD8-5A7FD0561BBC}.Debug|x86.ActiveCfg = Debug|Any CPU
		{DA807CD1-9E91-4E2B-BAD8-5A7FD0561BBC}.Debug|x86.Build.0 = Debug|Any CPU
		{DA807CD1-9E91-4E2B-BAD8-5A7FD0561BBC}.Release|Any CPU.ActiveCfg = Release|Any CPU
		{DA807CD1-9E91-4E2B-BAD8-5A7FD0561BBC}.Release|Any CPU.Build.0 = Release|Any CPU
		{DA807CD1-9E91-4E2B-BAD8-5A7FD0561BBC}.Release|ARM.ActiveCfg = Release|Any CPU
		{DA807CD1-9E91-4E2B-BAD8-5A7FD0561BBC}.Release|ARM.Build.0 = Release|Any CPU
		{DA807CD1-9E91-4E2B-BAD8-5A7FD0561BBC}.Release|ARM64.ActiveCfg = Release|Any CPU
		{DA807CD1-9E91-4E2B-BAD8-5A7FD0561BBC}.Release|ARM64.Build.0 = Release|Any CPU
		{DA807CD1-9E91-4E2B-BAD8-5A7FD0561BBC}.Release|iPhone.ActiveCfg = Release|Any CPU
		{DA807CD1-9E91-4E2B-BAD8-5A7FD0561BBC}.Release|iPhone.Build.0 = Release|Any CPU
		{DA807CD1-9E91-4E2B-BAD8-5A7FD0561BBC}.Release|iPhoneSimulator.ActiveCfg = Release|Any CPU
		{DA807CD1-9E91-4E2B-BAD8-5A7FD0561BBC}.Release|iPhoneSimulator.Build.0 = Release|Any CPU
		{DA807CD1-9E91-4E2B-BAD8-5A7FD0561BBC}.Release|x64.ActiveCfg = Release|Any CPU
		{DA807CD1-9E91-4E2B-BAD8-5A7FD0561BBC}.Release|x64.Build.0 = Release|Any CPU
		{DA807CD1-9E91-4E2B-BAD8-5A7FD0561BBC}.Release|x86.ActiveCfg = Release|Any CPU
		{DA807CD1-9E91-4E2B-BAD8-5A7FD0561BBC}.Release|x86.Build.0 = Release|Any CPU
	EndGlobalSection
	GlobalSection(SolutionProperties) = preSolution
		HideSolutionNode = FALSE
	EndGlobalSection
	GlobalSection(NestedProjects) = preSolution
		{46549ECE-8A4F-479D-A9D0-131B064412D8} = {A761FC47-1B28-49D5-A598-8C9F7126E2D4}
		{40EA03F7-8A22-4143-B251-79BAC3EB13D2} = {A761FC47-1B28-49D5-A598-8C9F7126E2D4}
		{A5B8155A-118F-4794-B551-C6F3CF7E5411} = {A761FC47-1B28-49D5-A598-8C9F7126E2D4}
		{1692D283-AAA3-410B-ABAD-EAFCC46574B4} = {A761FC47-1B28-49D5-A598-8C9F7126E2D4}
		{6CF284A4-22B1-4F05-97F4-F095C07A598E} = {A761FC47-1B28-49D5-A598-8C9F7126E2D4}
		{1AA13270-F438-4864-9435-54FD806E10EA} = {A761FC47-1B28-49D5-A598-8C9F7126E2D4}
		{65B2D6C4-FE9D-49B9-BB8D-75030AFDC1BA} = {A761FC47-1B28-49D5-A598-8C9F7126E2D4}
	EndGlobalSection
	GlobalSection(ExtensibilityGlobals) = postSolution
		SolutionGuid = {C7433AE2-B1A0-4C1A-887E-5CAA7AAF67A6}
	EndGlobalSection
	GlobalSection(SharedMSBuildProjectFiles) = preSolution
		TestHarness.Shared\TestHarness.Shared.projitems*{1692d283-aaa3-410b-abad-eafcc46574b4}*SharedItemsImports = 5
		TestHarness.Shared\TestHarness.Shared.projitems*{1aa13270-f438-4864-9435-54fd806e10ea}*SharedItemsImports = 5
		TestHarness.Shared\TestHarness.Shared.projitems*{40ea03f7-8a22-4143-b251-79bac3eb13d2}*SharedItemsImports = 5
		TestHarness.Shared\TestHarness.Shared.projitems*{46549ece-8a4f-479d-a9d0-131b064412d8}*SharedItemsImports = 5
		TestHarness.Shared\TestHarness.Shared.projitems*{6279c845-92f8-4333-ab99-3d213163593c}*SharedItemsImports = 13
		TestHarness.Shared\TestHarness.Shared.projitems*{a5b8155a-118f-4794-b551-c6f3cf7e5411}*SharedItemsImports = 5
	EndGlobalSection
EndGlobal
