Microsoft Visual Studio Solution File, Format Version 12.00
# Visual Studio Version 18
VisualStudioVersion = 18.0.11201.2
MinimumVisualStudioVersion = 15.0.26124.0
Project("{2150E333-8FDC-42A3-9474-1A3956D46DE8}") = "Source", "Source", "{AF910CDC-7A6C-42DE-B554-1CCAF1FA9754}"
EndProject
Project("{9A19103F-16F7-4668-BE54-9A1E7A4F7556}") = "Maui", "Maui2\Maui.csproj", "{8A677C3E-ECA6-4831-BD87-09F52ED18EDB}"
EndProject
Project("{9A19103F-16F7-4668-BE54-9A1E7A4F7556}") = "Maui.MauiControls", "Maui2.MauiControls\Maui.MauiControls.csproj", "{0BE8DCDD-9025-483F-A775-EFE35C38C6E5}"
EndProject
Project("{2150E333-8FDC-42A3-9474-1A3956D46DE8}") = "Solution Items", "Solution Items", "{BADA71DC-7FFD-4EDC-9F28-FB74AEADC713}"
	ProjectSection(SolutionItems) = preProject
		.editorconfig = .editorconfig
		.gitignore = .gitignore
		.vsconfig = .vsconfig
		Directory.Build.props = Directory.Build.props
		Directory.Build.targets = Directory.Build.targets
		Directory.Packages.props = Directory.Packages.props
		global.json = global.json
	EndProjectSection
EndProject
Project("{2150E333-8FDC-42A3-9474-1A3956D46DE8}") = "Libs", "Libs", "{CC0C8373-6309-4922-B89C-1E470CACA0F0}"
EndProject
Project("{9A19103F-16F7-4668-BE54-9A1E7A4F7556}") = "Uno.Extensions.Maui.WinUI", "..\..\src\Uno.Extensions.Maui.UI\Uno.Extensions.Maui.WinUI.csproj", "{E979B964-15B6-47A1-9ABC-7A2CAB2286E9}"
EndProject
Project("{9A19103F-16F7-4668-BE54-9A1E7A4F7556}") = "Uno.Extensions.Hosting.WinUI", "..\..\src\Uno.Extensions.Hosting.UI\Uno.Extensions.Hosting.WinUI.csproj", "{73A0899C-7167-45A6-9A02-C258E731C63C}"
EndProject
Project("{9A19103F-16F7-4668-BE54-9A1E7A4F7556}") = "Uno.Extensions.Storage.WinUI", "..\..\src\Uno.Extensions.Storage.UI\Uno.Extensions.Storage.WinUI.csproj", "{32584367-89CC-4AC8-A11B-11970D4ADC4D}"
EndProject
Project("{9A19103F-16F7-4668-BE54-9A1E7A4F7556}") = "Uno.Extensions.Configuration", "..\..\src\Uno.Extensions.Configuration\Uno.Extensions.Configuration.csproj", "{5983C05B-B8E4-4E52-A618-2F361162D29A}"
EndProject
Project("{9A19103F-16F7-4668-BE54-9A1E7A4F7556}") = "Uno.Extensions.Hosting", "..\..\src\Uno.Extensions.Hosting\Uno.Extensions.Hosting.csproj", "{7C62EA57-BBDF-4ED2-85DD-A6F5D9BA9E9D}"
EndProject
Project("{9A19103F-16F7-4668-BE54-9A1E7A4F7556}") = "Uno.Extensions.Logging.WinUI", "..\..\src\Uno.Extensions.Logging\Uno.Extensions.Logging.WinUI.csproj", "{5A155E10-0360-41F9-8DEF-E4F94509B61A}"
EndProject
Project("{9A19103F-16F7-4668-BE54-9A1E7A4F7556}") = "Uno.Extensions.Navigation", "..\..\src\Uno.Extensions.Navigation\Uno.Extensions.Navigation.csproj", "{AB41FC9C-859B-47F5-8FFC-741938F3C099}"
EndProject
Project("{9A19103F-16F7-4668-BE54-9A1E7A4F7556}") = "Uno.Extensions.Navigation.Toolkit.WinUI", "..\..\src\Uno.Extensions.Navigation.Toolkit\Uno.Extensions.Navigation.Toolkit.WinUI.csproj", "{9AB773B0-3B62-42B2-9DB9-AD8297765374}"
EndProject
Project("{9A19103F-16F7-4668-BE54-9A1E7A4F7556}") = "Uno.Extensions.Navigation.WinUI", "..\..\src\Uno.Extensions.Navigation.UI\Uno.Extensions.Navigation.WinUI.csproj", "{53C1726A-8DD8-44C8-8A0B-FD21FFC03A6E}"
EndProject
Project("{9A19103F-16F7-4668-BE54-9A1E7A4F7556}") = "Uno.Extensions.Core", "..\..\src\Uno.Extensions.Core\Uno.Extensions.Core.csproj", "{7F48669D-C9E9-4C05-9DC0-94557E4642E2}"
EndProject
Project("{9A19103F-16F7-4668-BE54-9A1E7A4F7556}") = "Uno.Extensions.Core.WinUI", "..\..\src\Uno.Extensions.Core.UI\Uno.Extensions.Core.WinUI.csproj", "{9C3744BE-A2E5-4106-B741-4A102932AF90}"
EndProject
Project("{9A19103F-16F7-4668-BE54-9A1E7A4F7556}") = "Uno.Extensions.Localization", "..\..\src\Uno.Extensions.Localization\Uno.Extensions.Localization.csproj", "{87FD59DC-30CC-4E9D-AF91-6420BF3E8E8D}"
EndProject
Project("{9A19103F-16F7-4668-BE54-9A1E7A4F7556}") = "Uno.Extensions.Localization.WinUI", "..\..\src\Uno.Extensions.Localization.UI\Uno.Extensions.Localization.WinUI.csproj", "{4054EC53-5C82-4D2A-8FE8-A8BBFA9AA4AD}"
EndProject
Project("{9A19103F-16F7-4668-BE54-9A1E7A4F7556}") = "Uno.Extensions.Navigation.Generators", "..\..\src\Uno.Extensions.Navigation.Generators\Uno.Extensions.Navigation.Generators.csproj", "{9585696E-CAEF-4DC2-B612-7681C9B0FDDF}"
EndProject
Project("{9A19103F-16F7-4668-BE54-9A1E7A4F7556}") = "Uno.Extensions.Core.Generators", "..\..\src\Uno.Extensions.Core.Generators\Uno.Extensions.Core.Generators.csproj", "{3E84B7A1-D829-46AE-9E95-55E691FA7328}"
EndProject
Project("{9A19103F-16F7-4668-BE54-9A1E7A4F7556}") = "Uno.Extensions.Storage", "..\..\src\Uno.Extensions.Storage\Uno.Extensions.Storage.csproj", "{84B26485-ACDE-46A4-BA02-D50C51FA1C71}"
EndProject
Project("{9A19103F-16F7-4668-BE54-9A1E7A4F7556}") = "Uno.Extensions.Serialization", "..\..\src\Uno.Extensions.Serialization\Uno.Extensions.Serialization.csproj", "{55DB6D52-3E70-465E-86C4-EDD45E84149D}"
EndProject
Project("{FAE04EC0-301F-11D3-BF4B-00C04F79EFBC}") = "Uno.Extensions.Maui.WinUI.Runtime.Skia", "..\..\src\Uno.Extensions.Maui.WinUI.Runtime.Skia\Uno.Extensions.Maui.WinUI.Runtime.Skia.csproj", "{CA0615B6-4118-8058-0D29-F6119322628D}"
EndProject
Project("{2150E333-8FDC-42A3-9474-1A3956D46DE8}") = "Extension Items", "Extension Items", "{F474BC48-9630-4A0E-AD5C-5AE1CDDA8646}"
	ProjectSection(SolutionItems) = preProject
		..\..\global.json = ..\..\global.json
		..\..\src\tfms-non-ui.props = ..\..\src\tfms-non-ui.props
		..\..\src\tfms-ui-maui.props = ..\..\src\tfms-ui-maui.props
		..\..\src\tfms-ui-winui-runtimetests.props = ..\..\src\tfms-ui-winui-runtimetests.props
		..\..\src\tfms-ui-winui.props = ..\..\src\tfms-ui-winui.props
	EndProjectSection
EndProject
Global
	GlobalSection(SolutionConfigurationPlatforms) = preSolution
		Debug|Any CPU = Debug|Any CPU
		Debug|ARM = Debug|ARM
		Debug|ARM64 = Debug|ARM64
		Debug|iPhone = Debug|iPhone
		Debug|iPhoneSimulator = Debug|iPhoneSimulator
		Debug|x64 = Debug|x64
		Debug|x86 = Debug|x86
		Release|Any CPU = Release|Any CPU
		Release|ARM = Release|ARM
		Release|ARM64 = Release|ARM64
		Release|iPhone = Release|iPhone
		Release|iPhoneSimulator = Release|iPhoneSimulator
		Release|x64 = Release|x64
		Release|x86 = Release|x86
	EndGlobalSection
	GlobalSection(ProjectConfigurationPlatforms) = postSolution
		{8A677C3E-ECA6-4831-BD87-09F52ED18EDB}.Debug|Any CPU.ActiveCfg = Debug|Any CPU
		{8A677C3E-ECA6-4831-BD87-09F52ED18EDB}.Debug|Any CPU.Build.0 = Debug|Any CPU
		{8A677C3E-ECA6-4831-BD87-09F52ED18EDB}.Debug|Any CPU.Deploy.0 = Debug|Any CPU
		{8A677C3E-ECA6-4831-BD87-09F52ED18EDB}.Debug|ARM.ActiveCfg = Debug|Any CPU
		{8A677C3E-ECA6-4831-BD87-09F52ED18EDB}.Debug|ARM.Build.0 = Debug|Any CPU
		{8A677C3E-ECA6-4831-BD87-09F52ED18EDB}.Debug|ARM.Deploy.0 = Debug|Any CPU
		{8A677C3E-ECA6-4831-BD87-09F52ED18EDB}.Debug|ARM64.ActiveCfg = Debug|Any CPU
		{8A677C3E-ECA6-4831-BD87-09F52ED18EDB}.Debug|ARM64.Build.0 = Debug|Any CPU
		{8A677C3E-ECA6-4831-BD87-09F52ED18EDB}.Debug|ARM64.Deploy.0 = Debug|Any CPU
		{8A677C3E-ECA6-4831-BD87-09F52ED18EDB}.Debug|iPhone.ActiveCfg = Debug|Any CPU
		{8A677C3E-ECA6-4831-BD87-09F52ED18EDB}.Debug|iPhone.Build.0 = Debug|Any CPU
		{8A677C3E-ECA6-4831-BD87-09F52ED18EDB}.Debug|iPhone.Deploy.0 = Debug|Any CPU
		{8A677C3E-ECA6-4831-BD87-09F52ED18EDB}.Debug|iPhoneSimulator.ActiveCfg = Debug|Any CPU
		{8A677C3E-ECA6-4831-BD87-09F52ED18EDB}.Debug|iPhoneSimulator.Build.0 = Debug|Any CPU
		{8A677C3E-ECA6-4831-BD87-09F52ED18EDB}.Debug|iPhoneSimulator.Deploy.0 = Debug|Any CPU
		{8A677C3E-ECA6-4831-BD87-09F52ED18EDB}.Debug|x64.ActiveCfg = Debug|Any CPU
		{8A677C3E-ECA6-4831-BD87-09F52ED18EDB}.Debug|x64.Build.0 = Debug|Any CPU
		{8A677C3E-ECA6-4831-BD87-09F52ED18EDB}.Debug|x64.Deploy.0 = Debug|Any CPU
		{8A677C3E-ECA6-4831-BD87-09F52ED18EDB}.Debug|x86.ActiveCfg = Debug|Any CPU
		{8A677C3E-ECA6-4831-BD87-09F52ED18EDB}.Debug|x86.Build.0 = Debug|Any CPU
		{8A677C3E-ECA6-4831-BD87-09F52ED18EDB}.Debug|x86.Deploy.0 = Debug|Any CPU
		{8A677C3E-ECA6-4831-BD87-09F52ED18EDB}.Release|Any CPU.ActiveCfg = Release|Any CPU
		{8A677C3E-ECA6-4831-BD87-09F52ED18EDB}.Release|Any CPU.Build.0 = Release|Any CPU
		{8A677C3E-ECA6-4831-BD87-09F52ED18EDB}.Release|Any CPU.Deploy.0 = Release|Any CPU
		{8A677C3E-ECA6-4831-BD87-09F52ED18EDB}.Release|ARM.ActiveCfg = Release|Any CPU
		{8A677C3E-ECA6-4831-BD87-09F52ED18EDB}.Release|ARM.Build.0 = Release|Any CPU
		{8A677C3E-ECA6-4831-BD87-09F52ED18EDB}.Release|ARM.Deploy.0 = Release|Any CPU
		{8A677C3E-ECA6-4831-BD87-09F52ED18EDB}.Release|ARM64.ActiveCfg = Release|Any CPU
		{8A677C3E-ECA6-4831-BD87-09F52ED18EDB}.Release|ARM64.Build.0 = Release|Any CPU
		{8A677C3E-ECA6-4831-BD87-09F52ED18EDB}.Release|ARM64.Deploy.0 = Release|Any CPU
		{8A677C3E-ECA6-4831-BD87-09F52ED18EDB}.Release|iPhone.ActiveCfg = Release|Any CPU
		{8A677C3E-ECA6-4831-BD87-09F52ED18EDB}.Release|iPhone.Build.0 = Release|Any CPU
		{8A677C3E-ECA6-4831-BD87-09F52ED18EDB}.Release|iPhone.Deploy.0 = Release|Any CPU
		{8A677C3E-ECA6-4831-BD87-09F52ED18EDB}.Release|iPhoneSimulator.ActiveCfg = Release|Any CPU
		{8A677C3E-ECA6-4831-BD87-09F52ED18EDB}.Release|iPhoneSimulator.Build.0 = Release|Any CPU
		{8A677C3E-ECA6-4831-BD87-09F52ED18EDB}.Release|iPhoneSimulator.Deploy.0 = Release|Any CPU
		{8A677C3E-ECA6-4831-BD87-09F52ED18EDB}.Release|x64.ActiveCfg = Release|Any CPU
		{8A677C3E-ECA6-4831-BD87-09F52ED18EDB}.Release|x64.Build.0 = Release|Any CPU
		{8A677C3E-ECA6-4831-BD87-09F52ED18EDB}.Release|x64.Deploy.0 = Release|Any CPU
		{8A677C3E-ECA6-4831-BD87-09F52ED18EDB}.Release|x86.ActiveCfg = Release|Any CPU
		{8A677C3E-ECA6-4831-BD87-09F52ED18EDB}.Release|x86.Build.0 = Release|Any CPU
		{8A677C3E-ECA6-4831-BD87-09F52ED18EDB}.Release|x86.Deploy.0 = Release|Any CPU
		{0BE8DCDD-9025-483F-A775-EFE35C38C6E5}.Debug|Any CPU.ActiveCfg = Debug|Any CPU
		{0BE8DCDD-9025-483F-A775-EFE35C38C6E5}.Debug|Any CPU.Build.0 = Debug|Any CPU
		{0BE8DCDD-9025-483F-A775-EFE35C38C6E5}.Debug|ARM.ActiveCfg = Debug|Any CPU
		{0BE8DCDD-9025-483F-A775-EFE35C38C6E5}.Debug|ARM.Build.0 = Debug|Any CPU
		{0BE8DCDD-9025-483F-A775-EFE35C38C6E5}.Debug|ARM64.ActiveCfg = Debug|Any CPU
		{0BE8DCDD-9025-483F-A775-EFE35C38C6E5}.Debug|ARM64.Build.0 = Debug|Any CPU
		{0BE8DCDD-9025-483F-A775-EFE35C38C6E5}.Debug|iPhone.ActiveCfg = Debug|Any CPU
		{0BE8DCDD-9025-483F-A775-EFE35C38C6E5}.Debug|iPhone.Build.0 = Debug|Any CPU
		{0BE8DCDD-9025-483F-A775-EFE35C38C6E5}.Debug|iPhoneSimulator.ActiveCfg = Debug|Any CPU
		{0BE8DCDD-9025-483F-A775-EFE35C38C6E5}.Debug|iPhoneSimulator.Build.0 = Debug|Any CPU
		{0BE8DCDD-9025-483F-A775-EFE35C38C6E5}.Debug|x64.ActiveCfg = Debug|Any CPU
		{0BE8DCDD-9025-483F-A775-EFE35C38C6E5}.Debug|x64.Build.0 = Debug|Any CPU
		{0BE8DCDD-9025-483F-A775-EFE35C38C6E5}.Debug|x86.ActiveCfg = Debug|Any CPU
		{0BE8DCDD-9025-483F-A775-EFE35C38C6E5}.Debug|x86.Build.0 = Debug|Any CPU
		{0BE8DCDD-9025-483F-A775-EFE35C38C6E5}.Release|Any CPU.ActiveCfg = Release|Any CPU
		{0BE8DCDD-9025-483F-A775-EFE35C38C6E5}.Release|Any CPU.Build.0 = Release|Any CPU
		{0BE8DCDD-9025-483F-A775-EFE35C38C6E5}.Release|ARM.ActiveCfg = Release|Any CPU
		{0BE8DCDD-9025-483F-A775-EFE35C38C6E5}.Release|ARM.Build.0 = Release|Any CPU
		{0BE8DCDD-9025-483F-A775-EFE35C38C6E5}.Release|ARM64.ActiveCfg = Release|Any CPU
		{0BE8DCDD-9025-483F-A775-EFE35C38C6E5}.Release|ARM64.Build.0 = Release|Any CPU
		{0BE8DCDD-9025-483F-A775-EFE35C38C6E5}.Release|iPhone.ActiveCfg = Release|Any CPU
		{0BE8DCDD-9025-483F-A775-EFE35C38C6E5}.Release|iPhone.Build.0 = Release|Any CPU
		{0BE8DCDD-9025-483F-A775-EFE35C38C6E5}.Release|iPhoneSimulator.ActiveCfg = Release|Any CPU
		{0BE8DCDD-9025-483F-A775-EFE35C38C6E5}.Release|iPhoneSimulator.Build.0 = Release|Any CPU
		{0BE8DCDD-9025-483F-A775-EFE35C38C6E5}.Release|x64.ActiveCfg = Release|Any CPU
		{0BE8DCDD-9025-483F-A775-EFE35C38C6E5}.Release|x64.Build.0 = Release|Any CPU
		{0BE8DCDD-9025-483F-A775-EFE35C38C6E5}.Release|x86.ActiveCfg = Release|Any CPU
		{0BE8DCDD-9025-483F-A775-EFE35C38C6E5}.Release|x86.Build.0 = Release|Any CPU
		{E979B964-15B6-47A1-9ABC-7A2CAB2286E9}.Debug|Any CPU.ActiveCfg = Debug|Any CPU
		{E979B964-15B6-47A1-9ABC-7A2CAB2286E9}.Debug|Any CPU.Build.0 = Debug|Any CPU
		{E979B964-15B6-47A1-9ABC-7A2CAB2286E9}.Debug|ARM.ActiveCfg = Debug|Any CPU
		{E979B964-15B6-47A1-9ABC-7A2CAB2286E9}.Debug|ARM.Build.0 = Debug|Any CPU
		{E979B964-15B6-47A1-9ABC-7A2CAB2286E9}.Debug|ARM64.ActiveCfg = Debug|Any CPU
		{E979B964-15B6-47A1-9ABC-7A2CAB2286E9}.Debug|ARM64.Build.0 = Debug|Any CPU
		{E979B964-15B6-47A1-9ABC-7A2CAB2286E9}.Debug|iPhone.ActiveCfg = Debug|Any CPU
		{E979B964-15B6-47A1-9ABC-7A2CAB2286E9}.Debug|iPhone.Build.0 = Debug|Any CPU
		{E979B964-15B6-47A1-9ABC-7A2CAB2286E9}.Debug|iPhoneSimulator.ActiveCfg = Debug|Any CPU
		{E979B964-15B6-47A1-9ABC-7A2CAB2286E9}.Debug|iPhoneSimulator.Build.0 = Debug|Any CPU
		{E979B964-15B6-47A1-9ABC-7A2CAB2286E9}.Debug|x64.ActiveCfg = Debug|Any CPU
		{E979B964-15B6-47A1-9ABC-7A2CAB2286E9}.Debug|x64.Build.0 = Debug|Any CPU
		{E979B964-15B6-47A1-9ABC-7A2CAB2286E9}.Debug|x86.ActiveCfg = Debug|Any CPU
		{E979B964-15B6-47A1-9ABC-7A2CAB2286E9}.Debug|x86.Build.0 = Debug|Any CPU
		{E979B964-15B6-47A1-9ABC-7A2CAB2286E9}.Release|Any CPU.ActiveCfg = Release|Any CPU
		{E979B964-15B6-47A1-9ABC-7A2CAB2286E9}.Release|Any CPU.Build.0 = Release|Any CPU
		{E979B964-15B6-47A1-9ABC-7A2CAB2286E9}.Release|ARM.ActiveCfg = Release|Any CPU
		{E979B964-15B6-47A1-9ABC-7A2CAB2286E9}.Release|ARM.Build.0 = Release|Any CPU
		{E979B964-15B6-47A1-9ABC-7A2CAB2286E9}.Release|ARM64.ActiveCfg = Release|Any CPU
		{E979B964-15B6-47A1-9ABC-7A2CAB2286E9}.Release|ARM64.Build.0 = Release|Any CPU
		{E979B964-15B6-47A1-9ABC-7A2CAB2286E9}.Release|iPhone.ActiveCfg = Release|Any CPU
		{E979B964-15B6-47A1-9ABC-7A2CAB2286E9}.Release|iPhone.Build.0 = Release|Any CPU
		{E979B964-15B6-47A1-9ABC-7A2CAB2286E9}.Release|iPhoneSimulator.ActiveCfg = Release|Any CPU
		{E979B964-15B6-47A1-9ABC-7A2CAB2286E9}.Release|iPhoneSimulator.Build.0 = Release|Any CPU
		{E979B964-15B6-47A1-9ABC-7A2CAB2286E9}.Release|x64.ActiveCfg = Release|Any CPU
		{E979B964-15B6-47A1-9ABC-7A2CAB2286E9}.Release|x64.Build.0 = Release|Any CPU
		{E979B964-15B6-47A1-9ABC-7A2CAB2286E9}.Release|x86.ActiveCfg = Release|Any CPU
		{E979B964-15B6-47A1-9ABC-7A2CAB2286E9}.Release|x86.Build.0 = Release|Any CPU
		{73A0899C-7167-45A6-9A02-C258E731C63C}.Debug|Any CPU.ActiveCfg = Debug|Any CPU
		{73A0899C-7167-45A6-9A02-C258E731C63C}.Debug|Any CPU.Build.0 = Debug|Any CPU
		{73A0899C-7167-45A6-9A02-C258E731C63C}.Debug|ARM.ActiveCfg = Debug|Any CPU
		{73A0899C-7167-45A6-9A02-C258E731C63C}.Debug|ARM.Build.0 = Debug|Any CPU
		{73A0899C-7167-45A6-9A02-C258E731C63C}.Debug|ARM64.ActiveCfg = Debug|Any CPU
		{73A0899C-7167-45A6-9A02-C258E731C63C}.Debug|ARM64.Build.0 = Debug|Any CPU
		{73A0899C-7167-45A6-9A02-C258E731C63C}.Debug|iPhone.ActiveCfg = Debug|Any CPU
		{73A0899C-7167-45A6-9A02-C258E731C63C}.Debug|iPhone.Build.0 = Debug|Any CPU
		{73A0899C-7167-45A6-9A02-C258E731C63C}.Debug|iPhoneSimulator.ActiveCfg = Debug|Any CPU
		{73A0899C-7167-45A6-9A02-C258E731C63C}.Debug|iPhoneSimulator.Build.0 = Debug|Any CPU
		{73A0899C-7167-45A6-9A02-C258E731C63C}.Debug|x64.ActiveCfg = Debug|Any CPU
		{73A0899C-7167-45A6-9A02-C258E731C63C}.Debug|x64.Build.0 = Debug|Any CPU
		{73A0899C-7167-45A6-9A02-C258E731C63C}.Debug|x86.ActiveCfg = Debug|Any CPU
		{73A0899C-7167-45A6-9A02-C258E731C63C}.Debug|x86.Build.0 = Debug|Any CPU
		{73A0899C-7167-45A6-9A02-C258E731C63C}.Release|Any CPU.ActiveCfg = Release|Any CPU
		{73A0899C-7167-45A6-9A02-C258E731C63C}.Release|Any CPU.Build.0 = Release|Any CPU
		{73A0899C-7167-45A6-9A02-C258E731C63C}.Release|ARM.ActiveCfg = Release|Any CPU
		{73A0899C-7167-45A6-9A02-C258E731C63C}.Release|ARM.Build.0 = Release|Any CPU
		{73A0899C-7167-45A6-9A02-C258E731C63C}.Release|ARM64.ActiveCfg = Release|Any CPU
		{73A0899C-7167-45A6-9A02-C258E731C63C}.Release|ARM64.Build.0 = Release|Any CPU
		{73A0899C-7167-45A6-9A02-C258E731C63C}.Release|iPhone.ActiveCfg = Release|Any CPU
		{73A0899C-7167-45A6-9A02-C258E731C63C}.Release|iPhone.Build.0 = Release|Any CPU
		{73A0899C-7167-45A6-9A02-C258E731C63C}.Release|iPhoneSimulator.ActiveCfg = Release|Any CPU
		{73A0899C-7167-45A6-9A02-C258E731C63C}.Release|iPhoneSimulator.Build.0 = Release|Any CPU
		{73A0899C-7167-45A6-9A02-C258E731C63C}.Release|x64.ActiveCfg = Release|Any CPU
		{73A0899C-7167-45A6-9A02-C258E731C63C}.Release|x64.Build.0 = Release|Any CPU
		{73A0899C-7167-45A6-9A02-C258E731C63C}.Release|x86.ActiveCfg = Release|Any CPU
		{73A0899C-7167-45A6-9A02-C258E731C63C}.Release|x86.Build.0 = Release|Any CPU
		{32584367-89CC-4AC8-A11B-11970D4ADC4D}.Debug|Any CPU.ActiveCfg = Debug|Any CPU
		{32584367-89CC-4AC8-A11B-11970D4ADC4D}.Debug|Any CPU.Build.0 = Debug|Any CPU
		{32584367-89CC-4AC8-A11B-11970D4ADC4D}.Debug|ARM.ActiveCfg = Debug|Any CPU
		{32584367-89CC-4AC8-A11B-11970D4ADC4D}.Debug|ARM.Build.0 = Debug|Any CPU
		{32584367-89CC-4AC8-A11B-11970D4ADC4D}.Debug|ARM64.ActiveCfg = Debug|Any CPU
		{32584367-89CC-4AC8-A11B-11970D4ADC4D}.Debug|ARM64.Build.0 = Debug|Any CPU
		{32584367-89CC-4AC8-A11B-11970D4ADC4D}.Debug|iPhone.ActiveCfg = Debug|Any CPU
		{32584367-89CC-4AC8-A11B-11970D4ADC4D}.Debug|iPhone.Build.0 = Debug|Any CPU
		{32584367-89CC-4AC8-A11B-11970D4ADC4D}.Debug|iPhoneSimulator.ActiveCfg = Debug|Any CPU
		{32584367-89CC-4AC8-A11B-11970D4ADC4D}.Debug|iPhoneSimulator.Build.0 = Debug|Any CPU
		{32584367-89CC-4AC8-A11B-11970D4ADC4D}.Debug|x64.ActiveCfg = Debug|Any CPU
		{32584367-89CC-4AC8-A11B-11970D4ADC4D}.Debug|x64.Build.0 = Debug|Any CPU
		{32584367-89CC-4AC8-A11B-11970D4ADC4D}.Debug|x86.ActiveCfg = Debug|Any CPU
		{32584367-89CC-4AC8-A11B-11970D4ADC4D}.Debug|x86.Build.0 = Debug|Any CPU
		{32584367-89CC-4AC8-A11B-11970D4ADC4D}.Release|Any CPU.ActiveCfg = Release|Any CPU
		{32584367-89CC-4AC8-A11B-11970D4ADC4D}.Release|Any CPU.Build.0 = Release|Any CPU
		{32584367-89CC-4AC8-A11B-11970D4ADC4D}.Release|ARM.ActiveCfg = Release|Any CPU
		{32584367-89CC-4AC8-A11B-11970D4ADC4D}.Release|ARM.Build.0 = Release|Any CPU
		{32584367-89CC-4AC8-A11B-11970D4ADC4D}.Release|ARM64.ActiveCfg = Release|Any CPU
		{32584367-89CC-4AC8-A11B-11970D4ADC4D}.Release|ARM64.Build.0 = Release|Any CPU
		{32584367-89CC-4AC8-A11B-11970D4ADC4D}.Release|iPhone.ActiveCfg = Release|Any CPU
		{32584367-89CC-4AC8-A11B-11970D4ADC4D}.Release|iPhone.Build.0 = Release|Any CPU
		{32584367-89CC-4AC8-A11B-11970D4ADC4D}.Release|iPhoneSimulator.ActiveCfg = Release|Any CPU
		{32584367-89CC-4AC8-A11B-11970D4ADC4D}.Release|iPhoneSimulator.Build.0 = Release|Any CPU
		{32584367-89CC-4AC8-A11B-11970D4ADC4D}.Release|x64.ActiveCfg = Release|Any CPU
		{32584367-89CC-4AC8-A11B-11970D4ADC4D}.Release|x64.Build.0 = Release|Any CPU
		{32584367-89CC-4AC8-A11B-11970D4ADC4D}.Release|x86.ActiveCfg = Release|Any CPU
		{32584367-89CC-4AC8-A11B-11970D4ADC4D}.Release|x86.Build.0 = Release|Any CPU
		{5983C05B-B8E4-4E52-A618-2F361162D29A}.Debug|Any CPU.ActiveCfg = Debug|Any CPU
		{5983C05B-B8E4-4E52-A618-2F361162D29A}.Debug|Any CPU.Build.0 = Debug|Any CPU
		{5983C05B-B8E4-4E52-A618-2F361162D29A}.Debug|ARM.ActiveCfg = Debug|Any CPU
		{5983C05B-B8E4-4E52-A618-2F361162D29A}.Debug|ARM.Build.0 = Debug|Any CPU
		{5983C05B-B8E4-4E52-A618-2F361162D29A}.Debug|ARM64.ActiveCfg = Debug|Any CPU
		{5983C05B-B8E4-4E52-A618-2F361162D29A}.Debug|ARM64.Build.0 = Debug|Any CPU
		{5983C05B-B8E4-4E52-A618-2F361162D29A}.Debug|iPhone.ActiveCfg = Debug|Any CPU
		{5983C05B-B8E4-4E52-A618-2F361162D29A}.Debug|iPhone.Build.0 = Debug|Any CPU
		{5983C05B-B8E4-4E52-A618-2F361162D29A}.Debug|iPhoneSimulator.ActiveCfg = Debug|Any CPU
		{5983C05B-B8E4-4E52-A618-2F361162D29A}.Debug|iPhoneSimulator.Build.0 = Debug|Any CPU
		{5983C05B-B8E4-4E52-A618-2F361162D29A}.Debug|x64.ActiveCfg = Debug|Any CPU
		{5983C05B-B8E4-4E52-A618-2F361162D29A}.Debug|x64.Build.0 = Debug|Any CPU
		{5983C05B-B8E4-4E52-A618-2F361162D29A}.Debug|x86.ActiveCfg = Debug|Any CPU
		{5983C05B-B8E4-4E52-A618-2F361162D29A}.Debug|x86.Build.0 = Debug|Any CPU
		{5983C05B-B8E4-4E52-A618-2F361162D29A}.Release|Any CPU.ActiveCfg = Release|Any CPU
		{5983C05B-B8E4-4E52-A618-2F361162D29A}.Release|Any CPU.Build.0 = Release|Any CPU
		{5983C05B-B8E4-4E52-A618-2F361162D29A}.Release|ARM.ActiveCfg = Release|Any CPU
		{5983C05B-B8E4-4E52-A618-2F361162D29A}.Release|ARM.Build.0 = Release|Any CPU
		{5983C05B-B8E4-4E52-A618-2F361162D29A}.Release|ARM64.ActiveCfg = Release|Any CPU
		{5983C05B-B8E4-4E52-A618-2F361162D29A}.Release|ARM64.Build.0 = Release|Any CPU
		{5983C05B-B8E4-4E52-A618-2F361162D29A}.Release|iPhone.ActiveCfg = Release|Any CPU
		{5983C05B-B8E4-4E52-A618-2F361162D29A}.Release|iPhone.Build.0 = Release|Any CPU
		{5983C05B-B8E4-4E52-A618-2F361162D29A}.Release|iPhoneSimulator.ActiveCfg = Release|Any CPU
		{5983C05B-B8E4-4E52-A618-2F361162D29A}.Release|iPhoneSimulator.Build.0 = Release|Any CPU
		{5983C05B-B8E4-4E52-A618-2F361162D29A}.Release|x64.ActiveCfg = Release|Any CPU
		{5983C05B-B8E4-4E52-A618-2F361162D29A}.Release|x64.Build.0 = Release|Any CPU
		{5983C05B-B8E4-4E52-A618-2F361162D29A}.Release|x86.ActiveCfg = Release|Any CPU
		{5983C05B-B8E4-4E52-A618-2F361162D29A}.Release|x86.Build.0 = Release|Any CPU
		{7C62EA57-BBDF-4ED2-85DD-A6F5D9BA9E9D}.Debug|Any CPU.ActiveCfg = Debug|Any CPU
		{7C62EA57-BBDF-4ED2-85DD-A6F5D9BA9E9D}.Debug|Any CPU.Build.0 = Debug|Any CPU
		{7C62EA57-BBDF-4ED2-85DD-A6F5D9BA9E9D}.Debug|ARM.ActiveCfg = Debug|Any CPU
		{7C62EA57-BBDF-4ED2-85DD-A6F5D9BA9E9D}.Debug|ARM.Build.0 = Debug|Any CPU
		{7C62EA57-BBDF-4ED2-85DD-A6F5D9BA9E9D}.Debug|ARM64.ActiveCfg = Debug|Any CPU
		{7C62EA57-BBDF-4ED2-85DD-A6F5D9BA9E9D}.Debug|ARM64.Build.0 = Debug|Any CPU
		{7C62EA57-BBDF-4ED2-85DD-A6F5D9BA9E9D}.Debug|iPhone.ActiveCfg = Debug|Any CPU
		{7C62EA57-BBDF-4ED2-85DD-A6F5D9BA9E9D}.Debug|iPhone.Build.0 = Debug|Any CPU
		{7C62EA57-BBDF-4ED2-85DD-A6F5D9BA9E9D}.Debug|iPhoneSimulator.ActiveCfg = Debug|Any CPU
		{7C62EA57-BBDF-4ED2-85DD-A6F5D9BA9E9D}.Debug|iPhoneSimulator.Build.0 = Debug|Any CPU
		{7C62EA57-BBDF-4ED2-85DD-A6F5D9BA9E9D}.Debug|x64.ActiveCfg = Debug|Any CPU
		{7C62EA57-BBDF-4ED2-85DD-A6F5D9BA9E9D}.Debug|x64.Build.0 = Debug|Any CPU
		{7C62EA57-BBDF-4ED2-85DD-A6F5D9BA9E9D}.Debug|x86.ActiveCfg = Debug|Any CPU
		{7C62EA57-BBDF-4ED2-85DD-A6F5D9BA9E9D}.Debug|x86.Build.0 = Debug|Any CPU
		{7C62EA57-BBDF-4ED2-85DD-A6F5D9BA9E9D}.Release|Any CPU.ActiveCfg = Release|Any CPU
		{7C62EA57-BBDF-4ED2-85DD-A6F5D9BA9E9D}.Release|Any CPU.Build.0 = Release|Any CPU
		{7C62EA57-BBDF-4ED2-85DD-A6F5D9BA9E9D}.Release|ARM.ActiveCfg = Release|Any CPU
		{7C62EA57-BBDF-4ED2-85DD-A6F5D9BA9E9D}.Release|ARM.Build.0 = Release|Any CPU
		{7C62EA57-BBDF-4ED2-85DD-A6F5D9BA9E9D}.Release|ARM64.ActiveCfg = Release|Any CPU
		{7C62EA57-BBDF-4ED2-85DD-A6F5D9BA9E9D}.Release|ARM64.Build.0 = Release|Any CPU
		{7C62EA57-BBDF-4ED2-85DD-A6F5D9BA9E9D}.Release|iPhone.ActiveCfg = Release|Any CPU
		{7C62EA57-BBDF-4ED2-85DD-A6F5D9BA9E9D}.Release|iPhone.Build.0 = Release|Any CPU
		{7C62EA57-BBDF-4ED2-85DD-A6F5D9BA9E9D}.Release|iPhoneSimulator.ActiveCfg = Release|Any CPU
		{7C62EA57-BBDF-4ED2-85DD-A6F5D9BA9E9D}.Release|iPhoneSimulator.Build.0 = Release|Any CPU
		{7C62EA57-BBDF-4ED2-85DD-A6F5D9BA9E9D}.Release|x64.ActiveCfg = Release|Any CPU
		{7C62EA57-BBDF-4ED2-85DD-A6F5D9BA9E9D}.Release|x64.Build.0 = Release|Any CPU
		{7C62EA57-BBDF-4ED2-85DD-A6F5D9BA9E9D}.Release|x86.ActiveCfg = Release|Any CPU
		{7C62EA57-BBDF-4ED2-85DD-A6F5D9BA9E9D}.Release|x86.Build.0 = Release|Any CPU
		{5A155E10-0360-41F9-8DEF-E4F94509B61A}.Debug|Any CPU.ActiveCfg = Debug|Any CPU
		{5A155E10-0360-41F9-8DEF-E4F94509B61A}.Debug|Any CPU.Build.0 = Debug|Any CPU
		{5A155E10-0360-41F9-8DEF-E4F94509B61A}.Debug|ARM.ActiveCfg = Debug|Any CPU
		{5A155E10-0360-41F9-8DEF-E4F94509B61A}.Debug|ARM.Build.0 = Debug|Any CPU
		{5A155E10-0360-41F9-8DEF-E4F94509B61A}.Debug|ARM64.ActiveCfg = Debug|Any CPU
		{5A155E10-0360-41F9-8DEF-E4F94509B61A}.Debug|ARM64.Build.0 = Debug|Any CPU
		{5A155E10-0360-41F9-8DEF-E4F94509B61A}.Debug|iPhone.ActiveCfg = Debug|Any CPU
		{5A155E10-0360-41F9-8DEF-E4F94509B61A}.Debug|iPhone.Build.0 = Debug|Any CPU
		{5A155E10-0360-41F9-8DEF-E4F94509B61A}.Debug|iPhoneSimulator.ActiveCfg = Debug|Any CPU
		{5A155E10-0360-41F9-8DEF-E4F94509B61A}.Debug|iPhoneSimulator.Build.0 = Debug|Any CPU
		{5A155E10-0360-41F9-8DEF-E4F94509B61A}.Debug|x64.ActiveCfg = Debug|Any CPU
		{5A155E10-0360-41F9-8DEF-E4F94509B61A}.Debug|x64.Build.0 = Debug|Any CPU
		{5A155E10-0360-41F9-8DEF-E4F94509B61A}.Debug|x86.ActiveCfg = Debug|Any CPU
		{5A155E10-0360-41F9-8DEF-E4F94509B61A}.Debug|x86.Build.0 = Debug|Any CPU
		{5A155E10-0360-41F9-8DEF-E4F94509B61A}.Release|Any CPU.ActiveCfg = Release|Any CPU
		{5A155E10-0360-41F9-8DEF-E4F94509B61A}.Release|Any CPU.Build.0 = Release|Any CPU
		{5A155E10-0360-41F9-8DEF-E4F94509B61A}.Release|ARM.ActiveCfg = Release|Any CPU
		{5A155E10-0360-41F9-8DEF-E4F94509B61A}.Release|ARM.Build.0 = Release|Any CPU
		{5A155E10-0360-41F9-8DEF-E4F94509B61A}.Release|ARM64.ActiveCfg = Release|Any CPU
		{5A155E10-0360-41F9-8DEF-E4F94509B61A}.Release|ARM64.Build.0 = Release|Any CPU
		{5A155E10-0360-41F9-8DEF-E4F94509B61A}.Release|iPhone.ActiveCfg = Release|Any CPU
		{5A155E10-0360-41F9-8DEF-E4F94509B61A}.Release|iPhone.Build.0 = Release|Any CPU
		{5A155E10-0360-41F9-8DEF-E4F94509B61A}.Release|iPhoneSimulator.ActiveCfg = Release|Any CPU
		{5A155E10-0360-41F9-8DEF-E4F94509B61A}.Release|iPhoneSimulator.Build.0 = Release|Any CPU
		{5A155E10-0360-41F9-8DEF-E4F94509B61A}.Release|x64.ActiveCfg = Release|Any CPU
		{5A155E10-0360-41F9-8DEF-E4F94509B61A}.Release|x64.Build.0 = Release|Any CPU
		{5A155E10-0360-41F9-8DEF-E4F94509B61A}.Release|x86.ActiveCfg = Release|Any CPU
		{5A155E10-0360-41F9-8DEF-E4F94509B61A}.Release|x86.Build.0 = Release|Any CPU
		{AB41FC9C-859B-47F5-8FFC-741938F3C099}.Debug|Any CPU.ActiveCfg = Debug|Any CPU
		{AB41FC9C-859B-47F5-8FFC-741938F3C099}.Debug|Any CPU.Build.0 = Debug|Any CPU
		{AB41FC9C-859B-47F5-8FFC-741938F3C099}.Debug|ARM.ActiveCfg = Debug|Any CPU
		{AB41FC9C-859B-47F5-8FFC-741938F3C099}.Debug|ARM.Build.0 = Debug|Any CPU
		{AB41FC9C-859B-47F5-8FFC-741938F3C099}.Debug|ARM64.ActiveCfg = Debug|Any CPU
		{AB41FC9C-859B-47F5-8FFC-741938F3C099}.Debug|ARM64.Build.0 = Debug|Any CPU
		{AB41FC9C-859B-47F5-8FFC-741938F3C099}.Debug|iPhone.ActiveCfg = Debug|Any CPU
		{AB41FC9C-859B-47F5-8FFC-741938F3C099}.Debug|iPhone.Build.0 = Debug|Any CPU
		{AB41FC9C-859B-47F5-8FFC-741938F3C099}.Debug|iPhoneSimulator.ActiveCfg = Debug|Any CPU
		{AB41FC9C-859B-47F5-8FFC-741938F3C099}.Debug|iPhoneSimulator.Build.0 = Debug|Any CPU
		{AB41FC9C-859B-47F5-8FFC-741938F3C099}.Debug|x64.ActiveCfg = Debug|Any CPU
		{AB41FC9C-859B-47F5-8FFC-741938F3C099}.Debug|x64.Build.0 = Debug|Any CPU
		{AB41FC9C-859B-47F5-8FFC-741938F3C099}.Debug|x86.ActiveCfg = Debug|Any CPU
		{AB41FC9C-859B-47F5-8FFC-741938F3C099}.Debug|x86.Build.0 = Debug|Any CPU
		{AB41FC9C-859B-47F5-8FFC-741938F3C099}.Release|Any CPU.ActiveCfg = Release|Any CPU
		{AB41FC9C-859B-47F5-8FFC-741938F3C099}.Release|Any CPU.Build.0 = Release|Any CPU
		{AB41FC9C-859B-47F5-8FFC-741938F3C099}.Release|ARM.ActiveCfg = Release|Any CPU
		{AB41FC9C-859B-47F5-8FFC-741938F3C099}.Release|ARM.Build.0 = Release|Any CPU
		{AB41FC9C-859B-47F5-8FFC-741938F3C099}.Release|ARM64.ActiveCfg = Release|Any CPU
		{AB41FC9C-859B-47F5-8FFC-741938F3C099}.Release|ARM64.Build.0 = Release|Any CPU
		{AB41FC9C-859B-47F5-8FFC-741938F3C099}.Release|iPhone.ActiveCfg = Release|Any CPU
		{AB41FC9C-859B-47F5-8FFC-741938F3C099}.Release|iPhone.Build.0 = Release|Any CPU
		{AB41FC9C-859B-47F5-8FFC-741938F3C099}.Release|iPhoneSimulator.ActiveCfg = Release|Any CPU
		{AB41FC9C-859B-47F5-8FFC-741938F3C099}.Release|iPhoneSimulator.Build.0 = Release|Any CPU
		{AB41FC9C-859B-47F5-8FFC-741938F3C099}.Release|x64.ActiveCfg = Release|Any CPU
		{AB41FC9C-859B-47F5-8FFC-741938F3C099}.Release|x64.Build.0 = Release|Any CPU
		{AB41FC9C-859B-47F5-8FFC-741938F3C099}.Release|x86.ActiveCfg = Release|Any CPU
		{AB41FC9C-859B-47F5-8FFC-741938F3C099}.Release|x86.Build.0 = Release|Any CPU
		{9AB773B0-3B62-42B2-9DB9-AD8297765374}.Debug|Any CPU.ActiveCfg = Debug|Any CPU
		{9AB773B0-3B62-42B2-9DB9-AD8297765374}.Debug|Any CPU.Build.0 = Debug|Any CPU
		{9AB773B0-3B62-42B2-9DB9-AD8297765374}.Debug|ARM.ActiveCfg = Debug|Any CPU
		{9AB773B0-3B62-42B2-9DB9-AD8297765374}.Debug|ARM.Build.0 = Debug|Any CPU
		{9AB773B0-3B62-42B2-9DB9-AD8297765374}.Debug|ARM64.ActiveCfg = Debug|Any CPU
		{9AB773B0-3B62-42B2-9DB9-AD8297765374}.Debug|ARM64.Build.0 = Debug|Any CPU
		{9AB773B0-3B62-42B2-9DB9-AD8297765374}.Debug|iPhone.ActiveCfg = Debug|Any CPU
		{9AB773B0-3B62-42B2-9DB9-AD8297765374}.Debug|iPhone.Build.0 = Debug|Any CPU
		{9AB773B0-3B62-42B2-9DB9-AD8297765374}.Debug|iPhoneSimulator.ActiveCfg = Debug|Any CPU
		{9AB773B0-3B62-42B2-9DB9-AD8297765374}.Debug|iPhoneSimulator.Build.0 = Debug|Any CPU
		{9AB773B0-3B62-42B2-9DB9-AD8297765374}.Debug|x64.ActiveCfg = Debug|Any CPU
		{9AB773B0-3B62-42B2-9DB9-AD8297765374}.Debug|x64.Build.0 = Debug|Any CPU
		{9AB773B0-3B62-42B2-9DB9-AD8297765374}.Debug|x86.ActiveCfg = Debug|Any CPU
		{9AB773B0-3B62-42B2-9DB9-AD8297765374}.Debug|x86.Build.0 = Debug|Any CPU
		{9AB773B0-3B62-42B2-9DB9-AD8297765374}.Release|Any CPU.ActiveCfg = Release|Any CPU
		{9AB773B0-3B62-42B2-9DB9-AD8297765374}.Release|Any CPU.Build.0 = Release|Any CPU
		{9AB773B0-3B62-42B2-9DB9-AD8297765374}.Release|ARM.ActiveCfg = Release|Any CPU
		{9AB773B0-3B62-42B2-9DB9-AD8297765374}.Release|ARM.Build.0 = Release|Any CPU
		{9AB773B0-3B62-42B2-9DB9-AD8297765374}.Release|ARM64.ActiveCfg = Release|Any CPU
		{9AB773B0-3B62-42B2-9DB9-AD8297765374}.Release|ARM64.Build.0 = Release|Any CPU
		{9AB773B0-3B62-42B2-9DB9-AD8297765374}.Release|iPhone.ActiveCfg = Release|Any CPU
		{9AB773B0-3B62-42B2-9DB9-AD8297765374}.Release|iPhone.Build.0 = Release|Any CPU
		{9AB773B0-3B62-42B2-9DB9-AD8297765374}.Release|iPhoneSimulator.ActiveCfg = Release|Any CPU
		{9AB773B0-3B62-42B2-9DB9-AD8297765374}.Release|iPhoneSimulator.Build.0 = Release|Any CPU
		{9AB773B0-3B62-42B2-9DB9-AD8297765374}.Release|x64.ActiveCfg = Release|Any CPU
		{9AB773B0-3B62-42B2-9DB9-AD8297765374}.Release|x64.Build.0 = Release|Any CPU
		{9AB773B0-3B62-42B2-9DB9-AD8297765374}.Release|x86.ActiveCfg = Release|Any CPU
		{9AB773B0-3B62-42B2-9DB9-AD8297765374}.Release|x86.Build.0 = Release|Any CPU
		{53C1726A-8DD8-44C8-8A0B-FD21FFC03A6E}.Debug|Any CPU.ActiveCfg = Debug|Any CPU
		{53C1726A-8DD8-44C8-8A0B-FD21FFC03A6E}.Debug|Any CPU.Build.0 = Debug|Any CPU
		{53C1726A-8DD8-44C8-8A0B-FD21FFC03A6E}.Debug|ARM.ActiveCfg = Debug|Any CPU
		{53C1726A-8DD8-44C8-8A0B-FD21FFC03A6E}.Debug|ARM.Build.0 = Debug|Any CPU
		{53C1726A-8DD8-44C8-8A0B-FD21FFC03A6E}.Debug|ARM64.ActiveCfg = Debug|Any CPU
		{53C1726A-8DD8-44C8-8A0B-FD21FFC03A6E}.Debug|ARM64.Build.0 = Debug|Any CPU
		{53C1726A-8DD8-44C8-8A0B-FD21FFC03A6E}.Debug|iPhone.ActiveCfg = Debug|Any CPU
		{53C1726A-8DD8-44C8-8A0B-FD21FFC03A6E}.Debug|iPhone.Build.0 = Debug|Any CPU
		{53C1726A-8DD8-44C8-8A0B-FD21FFC03A6E}.Debug|iPhoneSimulator.ActiveCfg = Debug|Any CPU
		{53C1726A-8DD8-44C8-8A0B-FD21FFC03A6E}.Debug|iPhoneSimulator.Build.0 = Debug|Any CPU
		{53C1726A-8DD8-44C8-8A0B-FD21FFC03A6E}.Debug|x64.ActiveCfg = Debug|Any CPU
		{53C1726A-8DD8-44C8-8A0B-FD21FFC03A6E}.Debug|x64.Build.0 = Debug|Any CPU
		{53C1726A-8DD8-44C8-8A0B-FD21FFC03A6E}.Debug|x86.ActiveCfg = Debug|Any CPU
		{53C1726A-8DD8-44C8-8A0B-FD21FFC03A6E}.Debug|x86.Build.0 = Debug|Any CPU
		{53C1726A-8DD8-44C8-8A0B-FD21FFC03A6E}.Release|Any CPU.ActiveCfg = Release|Any CPU
		{53C1726A-8DD8-44C8-8A0B-FD21FFC03A6E}.Release|Any CPU.Build.0 = Release|Any CPU
		{53C1726A-8DD8-44C8-8A0B-FD21FFC03A6E}.Release|ARM.ActiveCfg = Release|Any CPU
		{53C1726A-8DD8-44C8-8A0B-FD21FFC03A6E}.Release|ARM.Build.0 = Release|Any CPU
		{53C1726A-8DD8-44C8-8A0B-FD21FFC03A6E}.Release|ARM64.ActiveCfg = Release|Any CPU
		{53C1726A-8DD8-44C8-8A0B-FD21FFC03A6E}.Release|ARM64.Build.0 = Release|Any CPU
		{53C1726A-8DD8-44C8-8A0B-FD21FFC03A6E}.Release|iPhone.ActiveCfg = Release|Any CPU
		{53C1726A-8DD8-44C8-8A0B-FD21FFC03A6E}.Release|iPhone.Build.0 = Release|Any CPU
		{53C1726A-8DD8-44C8-8A0B-FD21FFC03A6E}.Release|iPhoneSimulator.ActiveCfg = Release|Any CPU
		{53C1726A-8DD8-44C8-8A0B-FD21FFC03A6E}.Release|iPhoneSimulator.Build.0 = Release|Any CPU
		{53C1726A-8DD8-44C8-8A0B-FD21FFC03A6E}.Release|x64.ActiveCfg = Release|Any CPU
		{53C1726A-8DD8-44C8-8A0B-FD21FFC03A6E}.Release|x64.Build.0 = Release|Any CPU
		{53C1726A-8DD8-44C8-8A0B-FD21FFC03A6E}.Release|x86.ActiveCfg = Release|Any CPU
		{53C1726A-8DD8-44C8-8A0B-FD21FFC03A6E}.Release|x86.Build.0 = Release|Any CPU
		{7F48669D-C9E9-4C05-9DC0-94557E4642E2}.Debug|Any CPU.ActiveCfg = Debug|Any CPU
		{7F48669D-C9E9-4C05-9DC0-94557E4642E2}.Debug|Any CPU.Build.0 = Debug|Any CPU
		{7F48669D-C9E9-4C05-9DC0-94557E4642E2}.Debug|ARM.ActiveCfg = Debug|Any CPU
		{7F48669D-C9E9-4C05-9DC0-94557E4642E2}.Debug|ARM.Build.0 = Debug|Any CPU
		{7F48669D-C9E9-4C05-9DC0-94557E4642E2}.Debug|ARM64.ActiveCfg = Debug|Any CPU
		{7F48669D-C9E9-4C05-9DC0-94557E4642E2}.Debug|ARM64.Build.0 = Debug|Any CPU
		{7F48669D-C9E9-4C05-9DC0-94557E4642E2}.Debug|iPhone.ActiveCfg = Debug|Any CPU
		{7F48669D-C9E9-4C05-9DC0-94557E4642E2}.Debug|iPhone.Build.0 = Debug|Any CPU
		{7F48669D-C9E9-4C05-9DC0-94557E4642E2}.Debug|iPhoneSimulator.ActiveCfg = Debug|Any CPU
		{7F48669D-C9E9-4C05-9DC0-94557E4642E2}.Debug|iPhoneSimulator.Build.0 = Debug|Any CPU
		{7F48669D-C9E9-4C05-9DC0-94557E4642E2}.Debug|x64.ActiveCfg = Debug|Any CPU
		{7F48669D-C9E9-4C05-9DC0-94557E4642E2}.Debug|x64.Build.0 = Debug|Any CPU
		{7F48669D-C9E9-4C05-9DC0-94557E4642E2}.Debug|x86.ActiveCfg = Debug|Any CPU
		{7F48669D-C9E9-4C05-9DC0-94557E4642E2}.Debug|x86.Build.0 = Debug|Any CPU
		{7F48669D-C9E9-4C05-9DC0-94557E4642E2}.Release|Any CPU.ActiveCfg = Release|Any CPU
		{7F48669D-C9E9-4C05-9DC0-94557E4642E2}.Release|Any CPU.Build.0 = Release|Any CPU
		{7F48669D-C9E9-4C05-9DC0-94557E4642E2}.Release|ARM.ActiveCfg = Release|Any CPU
		{7F48669D-C9E9-4C05-9DC0-94557E4642E2}.Release|ARM.Build.0 = Release|Any CPU
		{7F48669D-C9E9-4C05-9DC0-94557E4642E2}.Release|ARM64.ActiveCfg = Release|Any CPU
		{7F48669D-C9E9-4C05-9DC0-94557E4642E2}.Release|ARM64.Build.0 = Release|Any CPU
		{7F48669D-C9E9-4C05-9DC0-94557E4642E2}.Release|iPhone.ActiveCfg = Release|Any CPU
		{7F48669D-C9E9-4C05-9DC0-94557E4642E2}.Release|iPhone.Build.0 = Release|Any CPU
		{7F48669D-C9E9-4C05-9DC0-94557E4642E2}.Release|iPhoneSimulator.ActiveCfg = Release|Any CPU
		{7F48669D-C9E9-4C05-9DC0-94557E4642E2}.Release|iPhoneSimulator.Build.0 = Release|Any CPU
		{7F48669D-C9E9-4C05-9DC0-94557E4642E2}.Release|x64.ActiveCfg = Release|Any CPU
		{7F48669D-C9E9-4C05-9DC0-94557E4642E2}.Release|x64.Build.0 = Release|Any CPU
		{7F48669D-C9E9-4C05-9DC0-94557E4642E2}.Release|x86.ActiveCfg = Release|Any CPU
		{7F48669D-C9E9-4C05-9DC0-94557E4642E2}.Release|x86.Build.0 = Release|Any CPU
		{9C3744BE-A2E5-4106-B741-4A102932AF90}.Debug|Any CPU.ActiveCfg = Debug|Any CPU
		{9C3744BE-A2E5-4106-B741-4A102932AF90}.Debug|Any CPU.Build.0 = Debug|Any CPU
		{9C3744BE-A2E5-4106-B741-4A102932AF90}.Debug|ARM.ActiveCfg = Debug|Any CPU
		{9C3744BE-A2E5-4106-B741-4A102932AF90}.Debug|ARM.Build.0 = Debug|Any CPU
		{9C3744BE-A2E5-4106-B741-4A102932AF90}.Debug|ARM64.ActiveCfg = Debug|Any CPU
		{9C3744BE-A2E5-4106-B741-4A102932AF90}.Debug|ARM64.Build.0 = Debug|Any CPU
		{9C3744BE-A2E5-4106-B741-4A102932AF90}.Debug|iPhone.ActiveCfg = Debug|Any CPU
		{9C3744BE-A2E5-4106-B741-4A102932AF90}.Debug|iPhone.Build.0 = Debug|Any CPU
		{9C3744BE-A2E5-4106-B741-4A102932AF90}.Debug|iPhoneSimulator.ActiveCfg = Debug|Any CPU
		{9C3744BE-A2E5-4106-B741-4A102932AF90}.Debug|iPhoneSimulator.Build.0 = Debug|Any CPU
		{9C3744BE-A2E5-4106-B741-4A102932AF90}.Debug|x64.ActiveCfg = Debug|Any CPU
		{9C3744BE-A2E5-4106-B741-4A102932AF90}.Debug|x64.Build.0 = Debug|Any CPU
		{9C3744BE-A2E5-4106-B741-4A102932AF90}.Debug|x86.ActiveCfg = Debug|Any CPU
		{9C3744BE-A2E5-4106-B741-4A102932AF90}.Debug|x86.Build.0 = Debug|Any CPU
		{9C3744BE-A2E5-4106-B741-4A102932AF90}.Release|Any CPU.ActiveCfg = Release|Any CPU
		{9C3744BE-A2E5-4106-B741-4A102932AF90}.Release|Any CPU.Build.0 = Release|Any CPU
		{9C3744BE-A2E5-4106-B741-4A102932AF90}.Release|ARM.ActiveCfg = Release|Any CPU
		{9C3744BE-A2E5-4106-B741-4A102932AF90}.Release|ARM.Build.0 = Release|Any CPU
		{9C3744BE-A2E5-4106-B741-4A102932AF90}.Release|ARM64.ActiveCfg = Release|Any CPU
		{9C3744BE-A2E5-4106-B741-4A102932AF90}.Release|ARM64.Build.0 = Release|Any CPU
		{9C3744BE-A2E5-4106-B741-4A102932AF90}.Release|iPhone.ActiveCfg = Release|Any CPU
		{9C3744BE-A2E5-4106-B741-4A102932AF90}.Release|iPhone.Build.0 = Release|Any CPU
		{9C3744BE-A2E5-4106-B741-4A102932AF90}.Release|iPhoneSimulator.ActiveCfg = Release|Any CPU
		{9C3744BE-A2E5-4106-B741-4A102932AF90}.Release|iPhoneSimulator.Build.0 = Release|Any CPU
		{9C3744BE-A2E5-4106-B741-4A102932AF90}.Release|x64.ActiveCfg = Release|Any CPU
		{9C3744BE-A2E5-4106-B741-4A102932AF90}.Release|x64.Build.0 = Release|Any CPU
		{9C3744BE-A2E5-4106-B741-4A102932AF90}.Release|x86.ActiveCfg = Release|Any CPU
		{9C3744BE-A2E5-4106-B741-4A102932AF90}.Release|x86.Build.0 = Release|Any CPU
		{87FD59DC-30CC-4E9D-AF91-6420BF3E8E8D}.Debug|Any CPU.ActiveCfg = Debug|Any CPU
		{87FD59DC-30CC-4E9D-AF91-6420BF3E8E8D}.Debug|Any CPU.Build.0 = Debug|Any CPU
		{87FD59DC-30CC-4E9D-AF91-6420BF3E8E8D}.Debug|ARM.ActiveCfg = Debug|Any CPU
		{87FD59DC-30CC-4E9D-AF91-6420BF3E8E8D}.Debug|ARM.Build.0 = Debug|Any CPU
		{87FD59DC-30CC-4E9D-AF91-6420BF3E8E8D}.Debug|ARM64.ActiveCfg = Debug|Any CPU
		{87FD59DC-30CC-4E9D-AF91-6420BF3E8E8D}.Debug|ARM64.Build.0 = Debug|Any CPU
		{87FD59DC-30CC-4E9D-AF91-6420BF3E8E8D}.Debug|iPhone.ActiveCfg = Debug|Any CPU
		{87FD59DC-30CC-4E9D-AF91-6420BF3E8E8D}.Debug|iPhone.Build.0 = Debug|Any CPU
		{87FD59DC-30CC-4E9D-AF91-6420BF3E8E8D}.Debug|iPhoneSimulator.ActiveCfg = Debug|Any CPU
		{87FD59DC-30CC-4E9D-AF91-6420BF3E8E8D}.Debug|iPhoneSimulator.Build.0 = Debug|Any CPU
		{87FD59DC-30CC-4E9D-AF91-6420BF3E8E8D}.Debug|x64.ActiveCfg = Debug|Any CPU
		{87FD59DC-30CC-4E9D-AF91-6420BF3E8E8D}.Debug|x64.Build.0 = Debug|Any CPU
		{87FD59DC-30CC-4E9D-AF91-6420BF3E8E8D}.Debug|x86.ActiveCfg = Debug|Any CPU
		{87FD59DC-30CC-4E9D-AF91-6420BF3E8E8D}.Debug|x86.Build.0 = Debug|Any CPU
		{87FD59DC-30CC-4E9D-AF91-6420BF3E8E8D}.Release|Any CPU.ActiveCfg = Release|Any CPU
		{87FD59DC-30CC-4E9D-AF91-6420BF3E8E8D}.Release|Any CPU.Build.0 = Release|Any CPU
		{87FD59DC-30CC-4E9D-AF91-6420BF3E8E8D}.Release|ARM.ActiveCfg = Release|Any CPU
		{87FD59DC-30CC-4E9D-AF91-6420BF3E8E8D}.Release|ARM.Build.0 = Release|Any CPU
		{87FD59DC-30CC-4E9D-AF91-6420BF3E8E8D}.Release|ARM64.ActiveCfg = Release|Any CPU
		{87FD59DC-30CC-4E9D-AF91-6420BF3E8E8D}.Release|ARM64.Build.0 = Release|Any CPU
		{87FD59DC-30CC-4E9D-AF91-6420BF3E8E8D}.Release|iPhone.ActiveCfg = Release|Any CPU
		{87FD59DC-30CC-4E9D-AF91-6420BF3E8E8D}.Release|iPhone.Build.0 = Release|Any CPU
		{87FD59DC-30CC-4E9D-AF91-6420BF3E8E8D}.Release|iPhoneSimulator.ActiveCfg = Release|Any CPU
		{87FD59DC-30CC-4E9D-AF91-6420BF3E8E8D}.Release|iPhoneSimulator.Build.0 = Release|Any CPU
		{87FD59DC-30CC-4E9D-AF91-6420BF3E8E8D}.Release|x64.ActiveCfg = Release|Any CPU
		{87FD59DC-30CC-4E9D-AF91-6420BF3E8E8D}.Release|x64.Build.0 = Release|Any CPU
		{87FD59DC-30CC-4E9D-AF91-6420BF3E8E8D}.Release|x86.ActiveCfg = Release|Any CPU
		{87FD59DC-30CC-4E9D-AF91-6420BF3E8E8D}.Release|x86.Build.0 = Release|Any CPU
		{4054EC53-5C82-4D2A-8FE8-A8BBFA9AA4AD}.Debug|Any CPU.ActiveCfg = Debug|Any CPU
		{4054EC53-5C82-4D2A-8FE8-A8BBFA9AA4AD}.Debug|Any CPU.Build.0 = Debug|Any CPU
		{4054EC53-5C82-4D2A-8FE8-A8BBFA9AA4AD}.Debug|ARM.ActiveCfg = Debug|Any CPU
		{4054EC53-5C82-4D2A-8FE8-A8BBFA9AA4AD}.Debug|ARM.Build.0 = Debug|Any CPU
		{4054EC53-5C82-4D2A-8FE8-A8BBFA9AA4AD}.Debug|ARM64.ActiveCfg = Debug|Any CPU
		{4054EC53-5C82-4D2A-8FE8-A8BBFA9AA4AD}.Debug|ARM64.Build.0 = Debug|Any CPU
		{4054EC53-5C82-4D2A-8FE8-A8BBFA9AA4AD}.Debug|iPhone.ActiveCfg = Debug|Any CPU
		{4054EC53-5C82-4D2A-8FE8-A8BBFA9AA4AD}.Debug|iPhone.Build.0 = Debug|Any CPU
		{4054EC53-5C82-4D2A-8FE8-A8BBFA9AA4AD}.Debug|iPhoneSimulator.ActiveCfg = Debug|Any CPU
		{4054EC53-5C82-4D2A-8FE8-A8BBFA9AA4AD}.Debug|iPhoneSimulator.Build.0 = Debug|Any CPU
		{4054EC53-5C82-4D2A-8FE8-A8BBFA9AA4AD}.Debug|x64.ActiveCfg = Debug|Any CPU
		{4054EC53-5C82-4D2A-8FE8-A8BBFA9AA4AD}.Debug|x64.Build.0 = Debug|Any CPU
		{4054EC53-5C82-4D2A-8FE8-A8BBFA9AA4AD}.Debug|x86.ActiveCfg = Debug|Any CPU
		{4054EC53-5C82-4D2A-8FE8-A8BBFA9AA4AD}.Debug|x86.Build.0 = Debug|Any CPU
		{4054EC53-5C82-4D2A-8FE8-A8BBFA9AA4AD}.Release|Any CPU.ActiveCfg = Release|Any CPU
		{4054EC53-5C82-4D2A-8FE8-A8BBFA9AA4AD}.Release|Any CPU.Build.0 = Release|Any CPU
		{4054EC53-5C82-4D2A-8FE8-A8BBFA9AA4AD}.Release|ARM.ActiveCfg = Release|Any CPU
		{4054EC53-5C82-4D2A-8FE8-A8BBFA9AA4AD}.Release|ARM.Build.0 = Release|Any CPU
		{4054EC53-5C82-4D2A-8FE8-A8BBFA9AA4AD}.Release|ARM64.ActiveCfg = Release|Any CPU
		{4054EC53-5C82-4D2A-8FE8-A8BBFA9AA4AD}.Release|ARM64.Build.0 = Release|Any CPU
		{4054EC53-5C82-4D2A-8FE8-A8BBFA9AA4AD}.Release|iPhone.ActiveCfg = Release|Any CPU
		{4054EC53-5C82-4D2A-8FE8-A8BBFA9AA4AD}.Release|iPhone.Build.0 = Release|Any CPU
		{4054EC53-5C82-4D2A-8FE8-A8BBFA9AA4AD}.Release|iPhoneSimulator.ActiveCfg = Release|Any CPU
		{4054EC53-5C82-4D2A-8FE8-A8BBFA9AA4AD}.Release|iPhoneSimulator.Build.0 = Release|Any CPU
		{4054EC53-5C82-4D2A-8FE8-A8BBFA9AA4AD}.Release|x64.ActiveCfg = Release|Any CPU
		{4054EC53-5C82-4D2A-8FE8-A8BBFA9AA4AD}.Release|x64.Build.0 = Release|Any CPU
		{4054EC53-5C82-4D2A-8FE8-A8BBFA9AA4AD}.Release|x86.ActiveCfg = Release|Any CPU
		{4054EC53-5C82-4D2A-8FE8-A8BBFA9AA4AD}.Release|x86.Build.0 = Release|Any CPU
		{9585696E-CAEF-4DC2-B612-7681C9B0FDDF}.Debug|Any CPU.ActiveCfg = Debug|Any CPU
		{9585696E-CAEF-4DC2-B612-7681C9B0FDDF}.Debug|Any CPU.Build.0 = Debug|Any CPU
		{9585696E-CAEF-4DC2-B612-7681C9B0FDDF}.Debug|ARM.ActiveCfg = Debug|Any CPU
		{9585696E-CAEF-4DC2-B612-7681C9B0FDDF}.Debug|ARM.Build.0 = Debug|Any CPU
		{9585696E-CAEF-4DC2-B612-7681C9B0FDDF}.Debug|ARM64.ActiveCfg = Debug|Any CPU
		{9585696E-CAEF-4DC2-B612-7681C9B0FDDF}.Debug|ARM64.Build.0 = Debug|Any CPU
		{9585696E-CAEF-4DC2-B612-7681C9B0FDDF}.Debug|iPhone.ActiveCfg = Debug|Any CPU
		{9585696E-CAEF-4DC2-B612-7681C9B0FDDF}.Debug|iPhone.Build.0 = Debug|Any CPU
		{9585696E-CAEF-4DC2-B612-7681C9B0FDDF}.Debug|iPhoneSimulator.ActiveCfg = Debug|Any CPU
		{9585696E-CAEF-4DC2-B612-7681C9B0FDDF}.Debug|iPhoneSimulator.Build.0 = Debug|Any CPU
		{9585696E-CAEF-4DC2-B612-7681C9B0FDDF}.Debug|x64.ActiveCfg = Debug|Any CPU
		{9585696E-CAEF-4DC2-B612-7681C9B0FDDF}.Debug|x64.Build.0 = Debug|Any CPU
		{9585696E-CAEF-4DC2-B612-7681C9B0FDDF}.Debug|x86.ActiveCfg = Debug|Any CPU
		{9585696E-CAEF-4DC2-B612-7681C9B0FDDF}.Debug|x86.Build.0 = Debug|Any CPU
		{9585696E-CAEF-4DC2-B612-7681C9B0FDDF}.Release|Any CPU.ActiveCfg = Release|Any CPU
		{9585696E-CAEF-4DC2-B612-7681C9B0FDDF}.Release|Any CPU.Build.0 = Release|Any CPU
		{9585696E-CAEF-4DC2-B612-7681C9B0FDDF}.Release|ARM.ActiveCfg = Release|Any CPU
		{9585696E-CAEF-4DC2-B612-7681C9B0FDDF}.Release|ARM.Build.0 = Release|Any CPU
		{9585696E-CAEF-4DC2-B612-7681C9B0FDDF}.Release|ARM64.ActiveCfg = Release|Any CPU
		{9585696E-CAEF-4DC2-B612-7681C9B0FDDF}.Release|ARM64.Build.0 = Release|Any CPU
		{9585696E-CAEF-4DC2-B612-7681C9B0FDDF}.Release|iPhone.ActiveCfg = Release|Any CPU
		{9585696E-CAEF-4DC2-B612-7681C9B0FDDF}.Release|iPhone.Build.0 = Release|Any CPU
		{9585696E-CAEF-4DC2-B612-7681C9B0FDDF}.Release|iPhoneSimulator.ActiveCfg = Release|Any CPU
		{9585696E-CAEF-4DC2-B612-7681C9B0FDDF}.Release|iPhoneSimulator.Build.0 = Release|Any CPU
		{9585696E-CAEF-4DC2-B612-7681C9B0FDDF}.Release|x64.ActiveCfg = Release|Any CPU
		{9585696E-CAEF-4DC2-B612-7681C9B0FDDF}.Release|x64.Build.0 = Release|Any CPU
		{9585696E-CAEF-4DC2-B612-7681C9B0FDDF}.Release|x86.ActiveCfg = Release|Any CPU
		{9585696E-CAEF-4DC2-B612-7681C9B0FDDF}.Release|x86.Build.0 = Release|Any CPU
		{3E84B7A1-D829-46AE-9E95-55E691FA7328}.Debug|Any CPU.ActiveCfg = Debug|Any CPU
		{3E84B7A1-D829-46AE-9E95-55E691FA7328}.Debug|Any CPU.Build.0 = Debug|Any CPU
		{3E84B7A1-D829-46AE-9E95-55E691FA7328}.Debug|ARM.ActiveCfg = Debug|Any CPU
		{3E84B7A1-D829-46AE-9E95-55E691FA7328}.Debug|ARM.Build.0 = Debug|Any CPU
		{3E84B7A1-D829-46AE-9E95-55E691FA7328}.Debug|ARM64.ActiveCfg = Debug|Any CPU
		{3E84B7A1-D829-46AE-9E95-55E691FA7328}.Debug|ARM64.Build.0 = Debug|Any CPU
		{3E84B7A1-D829-46AE-9E95-55E691FA7328}.Debug|iPhone.ActiveCfg = Debug|Any CPU
		{3E84B7A1-D829-46AE-9E95-55E691FA7328}.Debug|iPhone.Build.0 = Debug|Any CPU
		{3E84B7A1-D829-46AE-9E95-55E691FA7328}.Debug|iPhoneSimulator.ActiveCfg = Debug|Any CPU
		{3E84B7A1-D829-46AE-9E95-55E691FA7328}.Debug|iPhoneSimulator.Build.0 = Debug|Any CPU
		{3E84B7A1-D829-46AE-9E95-55E691FA7328}.Debug|x64.ActiveCfg = Debug|Any CPU
		{3E84B7A1-D829-46AE-9E95-55E691FA7328}.Debug|x64.Build.0 = Debug|Any CPU
		{3E84B7A1-D829-46AE-9E95-55E691FA7328}.Debug|x86.ActiveCfg = Debug|Any CPU
		{3E84B7A1-D829-46AE-9E95-55E691FA7328}.Debug|x86.Build.0 = Debug|Any CPU
		{3E84B7A1-D829-46AE-9E95-55E691FA7328}.Release|Any CPU.ActiveCfg = Release|Any CPU
		{3E84B7A1-D829-46AE-9E95-55E691FA7328}.Release|Any CPU.Build.0 = Release|Any CPU
		{3E84B7A1-D829-46AE-9E95-55E691FA7328}.Release|ARM.ActiveCfg = Release|Any CPU
		{3E84B7A1-D829-46AE-9E95-55E691FA7328}.Release|ARM.Build.0 = Release|Any CPU
		{3E84B7A1-D829-46AE-9E95-55E691FA7328}.Release|ARM64.ActiveCfg = Release|Any CPU
		{3E84B7A1-D829-46AE-9E95-55E691FA7328}.Release|ARM64.Build.0 = Release|Any CPU
		{3E84B7A1-D829-46AE-9E95-55E691FA7328}.Release|iPhone.ActiveCfg = Release|Any CPU
		{3E84B7A1-D829-46AE-9E95-55E691FA7328}.Release|iPhone.Build.0 = Release|Any CPU
		{3E84B7A1-D829-46AE-9E95-55E691FA7328}.Release|iPhoneSimulator.ActiveCfg = Release|Any CPU
		{3E84B7A1-D829-46AE-9E95-55E691FA7328}.Release|iPhoneSimulator.Build.0 = Release|Any CPU
		{3E84B7A1-D829-46AE-9E95-55E691FA7328}.Release|x64.ActiveCfg = Release|Any CPU
		{3E84B7A1-D829-46AE-9E95-55E691FA7328}.Release|x64.Build.0 = Release|Any CPU
		{3E84B7A1-D829-46AE-9E95-55E691FA7328}.Release|x86.ActiveCfg = Release|Any CPU
		{3E84B7A1-D829-46AE-9E95-55E691FA7328}.Release|x86.Build.0 = Release|Any CPU
		{84B26485-ACDE-46A4-BA02-D50C51FA1C71}.Debug|Any CPU.ActiveCfg = Debug|Any CPU
		{84B26485-ACDE-46A4-BA02-D50C51FA1C71}.Debug|Any CPU.Build.0 = Debug|Any CPU
		{84B26485-ACDE-46A4-BA02-D50C51FA1C71}.Debug|ARM.ActiveCfg = Debug|Any CPU
		{84B26485-ACDE-46A4-BA02-D50C51FA1C71}.Debug|ARM.Build.0 = Debug|Any CPU
		{84B26485-ACDE-46A4-BA02-D50C51FA1C71}.Debug|ARM64.ActiveCfg = Debug|Any CPU
		{84B26485-ACDE-46A4-BA02-D50C51FA1C71}.Debug|ARM64.Build.0 = Debug|Any CPU
		{84B26485-ACDE-46A4-BA02-D50C51FA1C71}.Debug|iPhone.ActiveCfg = Debug|Any CPU
		{84B26485-ACDE-46A4-BA02-D50C51FA1C71}.Debug|iPhone.Build.0 = Debug|Any CPU
		{84B26485-ACDE-46A4-BA02-D50C51FA1C71}.Debug|iPhoneSimulator.ActiveCfg = Debug|Any CPU
		{84B26485-ACDE-46A4-BA02-D50C51FA1C71}.Debug|iPhoneSimulator.Build.0 = Debug|Any CPU
		{84B26485-ACDE-46A4-BA02-D50C51FA1C71}.Debug|x64.ActiveCfg = Debug|Any CPU
		{84B26485-ACDE-46A4-BA02-D50C51FA1C71}.Debug|x64.Build.0 = Debug|Any CPU
		{84B26485-ACDE-46A4-BA02-D50C51FA1C71}.Debug|x86.ActiveCfg = Debug|Any CPU
		{84B26485-ACDE-46A4-BA02-D50C51FA1C71}.Debug|x86.Build.0 = Debug|Any CPU
		{84B26485-ACDE-46A4-BA02-D50C51FA1C71}.Release|Any CPU.ActiveCfg = Release|Any CPU
		{84B26485-ACDE-46A4-BA02-D50C51FA1C71}.Release|Any CPU.Build.0 = Release|Any CPU
		{84B26485-ACDE-46A4-BA02-D50C51FA1C71}.Release|ARM.ActiveCfg = Release|Any CPU
		{84B26485-ACDE-46A4-BA02-D50C51FA1C71}.Release|ARM.Build.0 = Release|Any CPU
		{84B26485-ACDE-46A4-BA02-D50C51FA1C71}.Release|ARM64.ActiveCfg = Release|Any CPU
		{84B26485-ACDE-46A4-BA02-D50C51FA1C71}.Release|ARM64.Build.0 = Release|Any CPU
		{84B26485-ACDE-46A4-BA02-D50C51FA1C71}.Release|iPhone.ActiveCfg = Release|Any CPU
		{84B26485-ACDE-46A4-BA02-D50C51FA1C71}.Release|iPhone.Build.0 = Release|Any CPU
		{84B26485-ACDE-46A4-BA02-D50C51FA1C71}.Release|iPhoneSimulator.ActiveCfg = Release|Any CPU
		{84B26485-ACDE-46A4-BA02-D50C51FA1C71}.Release|iPhoneSimulator.Build.0 = Release|Any CPU
		{84B26485-ACDE-46A4-BA02-D50C51FA1C71}.Release|x64.ActiveCfg = Release|Any CPU
		{84B26485-ACDE-46A4-BA02-D50C51FA1C71}.Release|x64.Build.0 = Release|Any CPU
		{84B26485-ACDE-46A4-BA02-D50C51FA1C71}.Release|x86.ActiveCfg = Release|Any CPU
		{84B26485-ACDE-46A4-BA02-D50C51FA1C71}.Release|x86.Build.0 = Release|Any CPU
		{55DB6D52-3E70-465E-86C4-EDD45E84149D}.Debug|Any CPU.ActiveCfg = Debug|Any CPU
		{55DB6D52-3E70-465E-86C4-EDD45E84149D}.Debug|Any CPU.Build.0 = Debug|Any CPU
		{55DB6D52-3E70-465E-86C4-EDD45E84149D}.Debug|ARM.ActiveCfg = Debug|Any CPU
		{55DB6D52-3E70-465E-86C4-EDD45E84149D}.Debug|ARM.Build.0 = Debug|Any CPU
		{55DB6D52-3E70-465E-86C4-EDD45E84149D}.Debug|ARM64.ActiveCfg = Debug|Any CPU
		{55DB6D52-3E70-465E-86C4-EDD45E84149D}.Debug|ARM64.Build.0 = Debug|Any CPU
		{55DB6D52-3E70-465E-86C4-EDD45E84149D}.Debug|iPhone.ActiveCfg = Debug|Any CPU
		{55DB6D52-3E70-465E-86C4-EDD45E84149D}.Debug|iPhone.Build.0 = Debug|Any CPU
		{55DB6D52-3E70-465E-86C4-EDD45E84149D}.Debug|iPhoneSimulator.ActiveCfg = Debug|Any CPU
		{55DB6D52-3E70-465E-86C4-EDD45E84149D}.Debug|iPhoneSimulator.Build.0 = Debug|Any CPU
		{55DB6D52-3E70-465E-86C4-EDD45E84149D}.Debug|x64.ActiveCfg = Debug|Any CPU
		{55DB6D52-3E70-465E-86C4-EDD45E84149D}.Debug|x64.Build.0 = Debug|Any CPU
		{55DB6D52-3E70-465E-86C4-EDD45E84149D}.Debug|x86.ActiveCfg = Debug|Any CPU
		{55DB6D52-3E70-465E-86C4-EDD45E84149D}.Debug|x86.Build.0 = Debug|Any CPU
		{55DB6D52-3E70-465E-86C4-EDD45E84149D}.Release|Any CPU.ActiveCfg = Release|Any CPU
		{55DB6D52-3E70-465E-86C4-EDD45E84149D}.Release|Any CPU.Build.0 = Release|Any CPU
		{55DB6D52-3E70-465E-86C4-EDD45E84149D}.Release|ARM.ActiveCfg = Release|Any CPU
		{55DB6D52-3E70-465E-86C4-EDD45E84149D}.Release|ARM.Build.0 = Release|Any CPU
		{55DB6D52-3E70-465E-86C4-EDD45E84149D}.Release|ARM64.ActiveCfg = Release|Any CPU
		{55DB6D52-3E70-465E-86C4-EDD45E84149D}.Release|ARM64.Build.0 = Release|Any CPU
		{55DB6D52-3E70-465E-86C4-EDD45E84149D}.Release|iPhone.ActiveCfg = Release|Any CPU
		{55DB6D52-3E70-465E-86C4-EDD45E84149D}.Release|iPhone.Build.0 = Release|Any CPU
		{55DB6D52-3E70-465E-86C4-EDD45E84149D}.Release|iPhoneSimulator.ActiveCfg = Release|Any CPU
		{55DB6D52-3E70-465E-86C4-EDD45E84149D}.Release|iPhoneSimulator.Build.0 = Release|Any CPU
		{55DB6D52-3E70-465E-86C4-EDD45E84149D}.Release|x64.ActiveCfg = Release|Any CPU
		{55DB6D52-3E70-465E-86C4-EDD45E84149D}.Release|x64.Build.0 = Release|Any CPU
		{55DB6D52-3E70-465E-86C4-EDD45E84149D}.Release|x86.ActiveCfg = Release|Any CPU
		{55DB6D52-3E70-465E-86C4-EDD45E84149D}.Release|x86.Build.0 = Release|Any CPU
		{CA0615B6-4118-8058-0D29-F6119322628D}.Debug|Any CPU.ActiveCfg = Debug|Any CPU
		{CA0615B6-4118-8058-0D29-F6119322628D}.Debug|Any CPU.Build.0 = Debug|Any CPU
		{CA0615B6-4118-8058-0D29-F6119322628D}.Debug|ARM.ActiveCfg = Debug|Any CPU
		{CA0615B6-4118-8058-0D29-F6119322628D}.Debug|ARM.Build.0 = Debug|Any CPU
		{CA0615B6-4118-8058-0D29-F6119322628D}.Debug|ARM64.ActiveCfg = Debug|Any CPU
		{CA0615B6-4118-8058-0D29-F6119322628D}.Debug|ARM64.Build.0 = Debug|Any CPU
		{CA0615B6-4118-8058-0D29-F6119322628D}.Debug|iPhone.ActiveCfg = Debug|Any CPU
		{CA0615B6-4118-8058-0D29-F6119322628D}.Debug|iPhone.Build.0 = Debug|Any CPU
		{CA0615B6-4118-8058-0D29-F6119322628D}.Debug|iPhoneSimulator.ActiveCfg = Debug|Any CPU
		{CA0615B6-4118-8058-0D29-F6119322628D}.Debug|iPhoneSimulator.Build.0 = Debug|Any CPU
		{CA0615B6-4118-8058-0D29-F6119322628D}.Debug|x64.ActiveCfg = Debug|Any CPU
		{CA0615B6-4118-8058-0D29-F6119322628D}.Debug|x64.Build.0 = Debug|Any CPU
		{CA0615B6-4118-8058-0D29-F6119322628D}.Debug|x86.ActiveCfg = Debug|Any CPU
		{CA0615B6-4118-8058-0D29-F6119322628D}.Debug|x86.Build.0 = Debug|Any CPU
		{CA0615B6-4118-8058-0D29-F6119322628D}.Release|Any CPU.ActiveCfg = Release|Any CPU
		{CA0615B6-4118-8058-0D29-F6119322628D}.Release|Any CPU.Build.0 = Release|Any CPU
		{CA0615B6-4118-8058-0D29-F6119322628D}.Release|ARM.ActiveCfg = Release|Any CPU
		{CA0615B6-4118-8058-0D29-F6119322628D}.Release|ARM.Build.0 = Release|Any CPU
		{CA0615B6-4118-8058-0D29-F6119322628D}.Release|ARM64.ActiveCfg = Release|Any CPU
		{CA0615B6-4118-8058-0D29-F6119322628D}.Release|ARM64.Build.0 = Release|Any CPU
		{CA0615B6-4118-8058-0D29-F6119322628D}.Release|iPhone.ActiveCfg = Release|Any CPU
		{CA0615B6-4118-8058-0D29-F6119322628D}.Release|iPhone.Build.0 = Release|Any CPU
		{CA0615B6-4118-8058-0D29-F6119322628D}.Release|iPhoneSimulator.ActiveCfg = Release|Any CPU
		{CA0615B6-4118-8058-0D29-F6119322628D}.Release|iPhoneSimulator.Build.0 = Release|Any CPU
		{CA0615B6-4118-8058-0D29-F6119322628D}.Release|x64.ActiveCfg = Release|Any CPU
		{CA0615B6-4118-8058-0D29-F6119322628D}.Release|x64.Build.0 = Release|Any CPU
		{CA0615B6-4118-8058-0D29-F6119322628D}.Release|x86.ActiveCfg = Release|Any CPU
		{CA0615B6-4118-8058-0D29-F6119322628D}.Release|x86.Build.0 = Release|Any CPU
	EndGlobalSection
	GlobalSection(SolutionProperties) = preSolution
		HideSolutionNode = FALSE
	EndGlobalSection
	GlobalSection(NestedProjects) = preSolution
		{8A677C3E-ECA6-4831-BD87-09F52ED18EDB} = {AF910CDC-7A6C-42DE-B554-1CCAF1FA9754}
		{0BE8DCDD-9025-483F-A775-EFE35C38C6E5} = {AF910CDC-7A6C-42DE-B554-1CCAF1FA9754}
		{E979B964-15B6-47A1-9ABC-7A2CAB2286E9} = {CC0C8373-6309-4922-B89C-1E470CACA0F0}
		{73A0899C-7167-45A6-9A02-C258E731C63C} = {CC0C8373-6309-4922-B89C-1E470CACA0F0}
		{32584367-89CC-4AC8-A11B-11970D4ADC4D} = {CC0C8373-6309-4922-B89C-1E470CACA0F0}
		{5983C05B-B8E4-4E52-A618-2F361162D29A} = {CC0C8373-6309-4922-B89C-1E470CACA0F0}
		{7C62EA57-BBDF-4ED2-85DD-A6F5D9BA9E9D} = {CC0C8373-6309-4922-B89C-1E470CACA0F0}
		{5A155E10-0360-41F9-8DEF-E4F94509B61A} = {CC0C8373-6309-4922-B89C-1E470CACA0F0}
		{AB41FC9C-859B-47F5-8FFC-741938F3C099} = {CC0C8373-6309-4922-B89C-1E470CACA0F0}
		{9AB773B0-3B62-42B2-9DB9-AD8297765374} = {CC0C8373-6309-4922-B89C-1E470CACA0F0}
		{53C1726A-8DD8-44C8-8A0B-FD21FFC03A6E} = {CC0C8373-6309-4922-B89C-1E470CACA0F0}
		{7F48669D-C9E9-4C05-9DC0-94557E4642E2} = {CC0C8373-6309-4922-B89C-1E470CACA0F0}
		{9C3744BE-A2E5-4106-B741-4A102932AF90} = {CC0C8373-6309-4922-B89C-1E470CACA0F0}
		{87FD59DC-30CC-4E9D-AF91-6420BF3E8E8D} = {CC0C8373-6309-4922-B89C-1E470CACA0F0}
		{4054EC53-5C82-4D2A-8FE8-A8BBFA9AA4AD} = {CC0C8373-6309-4922-B89C-1E470CACA0F0}
		{9585696E-CAEF-4DC2-B612-7681C9B0FDDF} = {CC0C8373-6309-4922-B89C-1E470CACA0F0}
		{3E84B7A1-D829-46AE-9E95-55E691FA7328} = {CC0C8373-6309-4922-B89C-1E470CACA0F0}
		{84B26485-ACDE-46A4-BA02-D50C51FA1C71} = {CC0C8373-6309-4922-B89C-1E470CACA0F0}
		{55DB6D52-3E70-465E-86C4-EDD45E84149D} = {CC0C8373-6309-4922-B89C-1E470CACA0F0}
		{CA0615B6-4118-8058-0D29-F6119322628D} = {CC0C8373-6309-4922-B89C-1E470CACA0F0}
		{F474BC48-9630-4A0E-AD5C-5AE1CDDA8646} = {CC0C8373-6309-4922-B89C-1E470CACA0F0}
	EndGlobalSection
	GlobalSection(ExtensibilityGlobals) = postSolution
		SolutionGuid = {6B2655CB-FD43-4381-924B-9C3A372E73D2}
	EndGlobalSection
EndGlobal
